// !$*UTF8*$!
{
	archiveVersion = 1;
	classes = {
	};
	objectVersion = 56;
	objects = {

/* Begin PBXBuildFile section */
		FW010000000000000000001 /* FairwayApp.swift in Sources */ = {isa = PBXBuildFile; fileRef = FW020000000000000000001 /* FairwayApp.swift */; };
		FW010000000000000000002 /* FairwayBlob.swift in Sources */ = {isa = PBXBuildFile; fileRef = FW020000000000000000002 /* FairwayBlob.swift */; };
		FW010000000000000000003 /* FairwayConfig.swift in Sources */ = {isa = PBXBuildFile; fileRef = FW020000000000000000003 /* FairwayConfig.swift */; };
		FW010000000000000000004 /* FairwayStore.swift in Sources */ = {isa = PBXBuildFile; fileRef = FW020000000000000000004 /* FairwayStore.swift */; };
		FW010000000000000000005 /* FairwayTheme.swift in Sources */ = {isa = PBXBuildFile; fileRef = FW020000000000000000005 /* FairwayTheme.swift */; };
		FW010000000000000000006 /* PreviewData.swift in Sources */ = {isa = PBXBuildFile; fileRef = FW020000000000000000006 /* PreviewData.swift */; };
		FW010000000000000000007 /* ZoneData.swift in Sources */ = {isa = PBXBuildFile; fileRef = FW020000000000000000007 /* ZoneData.swift */; };
		FW010000000000000000008 /* HeadData.swift in Sources */ = {isa = PBXBuildFile; fileRef = FW020000000000000000008 /* HeadData.swift */; };
		FW010000000000000000009 /* ProblemData.swift in Sources */ = {isa = PBXBuildFile; fileRef = FW020000000000000000009 /* ProblemData.swift */; };
		FW01000000000000000000A /* ScheduleData.swift in Sources */ = {isa = PBXBuildFile; fileRef = FW02000000000000000000A /* ScheduleData.swift */; };
		FW01000000000000000000B /* SoilTestData.swift in Sources */ = {isa = PBXBuildFile; fileRef = FW02000000000000000000B /* SoilTestData.swift */; };
		FW01000000000000000000C /* FertilizerData.swift in Sources */ = {isa = PBXBuildFile; fileRef = FW02000000000000000000C /* FertilizerData.swift */; };
		FW01000000000000000000D /* MaintenanceData.swift in Sources */ = {isa = PBXBuildFile; fileRef = FW02000000000000000000D /* MaintenanceData.swift */; };
		FW01000000000000000000E /* InventoryData.swift in Sources */ = {isa = PBXBuildFile; fileRef = FW02000000000000000000E /* InventoryData.swift */; };
		FW01000000000000000000F /* ContentView.swift in Sources */ = {isa = PBXBuildFile; fileRef = FW02000000000000000000F /* ContentView.swift */; };
		FW010000000000000000010 /* ZoneListView.swift in Sources */ = {isa = PBXBuildFile; fileRef = FW020000000000000000010 /* ZoneListView.swift */; };
		FW010000000000000000011 /* ZoneDetailView.swift in Sources */ = {isa = PBXBuildFile; fileRef = FW020000000000000000011 /* ZoneDetailView.swift */; };
		FW010000000000000000012 /* HeadInventoryView.swift in Sources */ = {isa = PBXBuildFile; fileRef = FW020000000000000000012 /* HeadInventoryView.swift */; };
		FW010000000000000000013 /* HeadDetailView.swift in Sources */ = {isa = PBXBuildFile; fileRef = FW020000000000000000013 /* HeadDetailView.swift */; };
		FW010000000000000000014 /* ProblemAreaView.swift in Sources */ = {isa = PBXBuildFile; fileRef = FW020000000000000000014 /* ProblemAreaView.swift */; };
		FW010000000000000000015 /* ScheduleView.swift in Sources */ = {isa = PBXBuildFile; fileRef = FW020000000000000000015 /* ScheduleView.swift */; };
		FW010000000000000000016 /* ShrubBedView.swift in Sources */ = {isa = PBXBuildFile; fileRef = FW020000000000000000016 /* ShrubBedView.swift */; };
		FW010000000000000000017 /* FertilizerView.swift in Sources */ = {isa = PBXBuildFile; fileRef = FW020000000000000000017 /* FertilizerView.swift */; };
		FW010000000000000000018 /* InventoryView.swift in Sources */ = {isa = PBXBuildFile; fileRef = FW020000000000000000018 /* InventoryView.swift */; };
		FW010000000000000000019 /* SpreaderCalcView.swift in Sources */ = {isa = PBXBuildFile; fileRef = FW020000000000000000019 /* SpreaderCalcView.swift */; };
		FW01000000000000000001A /* SoilTestView.swift in Sources */ = {isa = PBXBuildFile; fileRef = FW02000000000000000001A /* SoilTestView.swift */; };
		FW01000000000000000001B /* MaintenanceView.swift in Sources */ = {isa = PBXBuildFile; fileRef = FW02000000000000000001B /* MaintenanceView.swift */; };
		FW01000000000000000001C /* MowLogView.swift in Sources */ = {isa = PBXBuildFile; fileRef = FW02000000000000000001C /* MowLogView.swift */; };
		FW01000000000000000001D /* Assets.xcassets in Resources */ = {isa = PBXBuildFile; fileRef = FW02000000000000000001D /* Assets.xcassets */; };
		FW01000000000000000001E /* FairwayBlobTests.swift in Sources */ = {isa = PBXBuildFile; fileRef = FW02000000000000000001E /* FairwayBlobTests.swift */; };
		FW010000000000000000021 /* CormorantGaramond-Italic.ttf in Resources */ = {isa = PBXBuildFile; fileRef = FW020000000000000000021 /* CormorantGaramond-Italic.ttf */; };
		FW010000000000000000022 /* FairwayFont.swift in Sources */ = {isa = PBXBuildFile; fileRef = FW020000000000000000022 /* FairwayFont.swift */; };
		FW010000000000000000023 /* LogoView.swift in Sources */ = {isa = PBXBuildFile; fileRef = FW020000000000000000023 /* LogoView.swift */; };
		FW010000000000000000024 /* LaunchView.swift in Sources */ = {isa = PBXBuildFile; fileRef = FW020000000000000000024 /* LaunchView.swift */; };
		FW010000000000000000025 /* ObservationData.swift in Sources */ = {isa = PBXBuildFile; fileRef = FW020000000000000000025 /* ObservationData.swift */; };
		FW010000000000000000026 /* WaterRunData.swift in Sources */ = {isa = PBXBuildFile; fileRef = FW020000000000000000026 /* WaterRunData.swift */; };
		FW010000000000000000027 /* FertApplicationData.swift in Sources */ = {isa = PBXBuildFile; fileRef = FW020000000000000000027 /* FertApplicationData.swift */; };
		FW010000000000000000028 /* PropertySettings.swift in Sources */ = {isa = PBXBuildFile; fileRef = FW020000000000000000028 /* PropertySettings.swift */; };
		FW010000000000000000029 /* MowDirectionTests.swift in Sources */ = {isa = PBXBuildFile; fileRef = FW020000000000000000029 /* MowDirectionTests.swift */; };
		FW01000000000000000002A /* QuickLogFAB.swift in Sources */ = {isa = PBXBuildFile; fileRef = FW02000000000000000002A /* QuickLogFAB.swift */; };
		FW01000000000000000002B /* QuickLogSheet.swift in Sources */ = {isa = PBXBuildFile; fileRef = FW02000000000000000002B /* QuickLogSheet.swift */; };
		FW01000000000000000002C /* PhotoStore.swift in Sources */ = {isa = PBXBuildFile; fileRef = FW02000000000000000002C /* PhotoStore.swift */; };
		FW01000000000000000002D /* AddObservationSheet.swift in Sources */ = {isa = PBXBuildFile; fileRef = FW02000000000000000002D /* AddObservationSheet.swift */; };
		FW01000000000000000002E /* PhotoStoreTests.swift in Sources */ = {isa = PBXBuildFile; fileRef = FW02000000000000000002E /* PhotoStoreTests.swift */; };
		FW01000000000000000002F /* AddWaterRunSheet.swift in Sources */ = {isa = PBXBuildFile; fileRef = FW02000000000000000002F /* AddWaterRunSheet.swift */; };
		FW010000000000000000030 /* AddFertAppSheet.swift in Sources */ = {isa = PBXBuildFile; fileRef = FW020000000000000000030 /* AddFertAppSheet.swift */; };
		FW010000000000000000031 /* Geocoder.swift in Sources */ = {isa = PBXBuildFile; fileRef = FW020000000000000000031 /* Geocoder.swift */; };
		FW010000000000000000032 /* PropertySettingsView.swift in Sources */ = {isa = PBXBuildFile; fileRef = FW020000000000000000032 /* PropertySettingsView.swift */; };
		FW010000000000000000033 /* SettingsView.swift in Sources */ = {isa = PBXBuildFile; fileRef = FW020000000000000000033 /* SettingsView.swift */; };
		FW010000000000000000034 /* MapTabView.swift in Sources */ = {isa = PBXBuildFile; fileRef = FW020000000000000000034 /* MapTabView.swift */; };
		FW010000000000000000035 /* MapListToggleView.swift in Sources */ = {isa = PBXBuildFile; fileRef = FW020000000000000000035 /* MapListToggleView.swift */; };
		FW010000000000000000036 /* HeadPinEditor.swift in Sources */ = {isa = PBXBuildFile; fileRef = FW020000000000000000036 /* HeadPinEditor.swift */; };
		FW010000000000000000037 /* RachioKeychain.swift in Sources */ = {isa = PBXBuildFile; fileRef = FW020000000000000000037 /* RachioKeychain.swift */; };
		FW010000000000000000038 /* RachioAPI.swift in Sources */ = {isa = PBXBuildFile; fileRef = FW020000000000000000038 /* RachioAPI.swift */; };
		FW010000000000000000039 /* RachioDTOs.swift in Sources */ = {isa = PBXBuildFile; fileRef = FW020000000000000000039 /* RachioDTOs.swift */; };
		FW01000000000000000003A /* RachioState.swift in Sources */ = {isa = PBXBuildFile; fileRef = FW02000000000000000003A /* RachioState.swift */; };
		FW01000000000000000003B /* RachioSettingsView.swift in Sources */ = {isa = PBXBuildFile; fileRef = FW02000000000000000003B /* RachioSettingsView.swift */; };
		FW01000000000000000003C /* RachioHistoryView.swift in Sources */ = {isa = PBXBuildFile; fileRef = FW02000000000000000003C /* RachioHistoryView.swift */; };
		FW01000000000000000003D /* RachioDecodeTests.swift in Sources */ = {isa = PBXBuildFile; fileRef = FW02000000000000000003D /* RachioDecodeTests.swift */; };
		FW01000000000000000003E /* PreSeasonAuditView.swift in Sources */ = {isa = PBXBuildFile; fileRef = FW02000000000000000003E /* PreSeasonAuditView.swift */; };
/* End PBXBuildFile section */

/* Begin PBXContainerItemProxy section */
		FW080000000000000000001 /* PBXContainerItemProxy */ = {
			isa = PBXContainerItemProxy;
			containerPortal = FW060000000000000000001 /* Project object */;
			proxyType = 1;
			remoteGlobalIDString = FW050000000000000000001;
			remoteInfo = Fairway;
		};
/* End PBXContainerItemProxy section */

/* Begin PBXFileReference section */
		FW020000000000000000001 /* FairwayApp.swift */ = {isa = PBXFileReference; lastKnownFileType = sourcecode.swift; path = FairwayApp.swift; sourceTree = "<group>"; };
		FW020000000000000000002 /* FairwayBlob.swift */ = {isa = PBXFileReference; lastKnownFileType = sourcecode.swift; path = FairwayBlob.swift; sourceTree = "<group>"; };
		FW020000000000000000003 /* FairwayConfig.swift */ = {isa = PBXFileReference; lastKnownFileType = sourcecode.swift; path = FairwayConfig.swift; sourceTree = "<group>"; };
		FW020000000000000000004 /* FairwayStore.swift */ = {isa = PBXFileReference; lastKnownFileType = sourcecode.swift; path = FairwayStore.swift; sourceTree = "<group>"; };
		FW020000000000000000005 /* FairwayTheme.swift */ = {isa = PBXFileReference; lastKnownFileType = sourcecode.swift; path = FairwayTheme.swift; sourceTree = "<group>"; };
		FW020000000000000000006 /* PreviewData.swift */ = {isa = PBXFileReference; lastKnownFileType = sourcecode.swift; path = PreviewData.swift; sourceTree = "<group>"; };
		FW020000000000000000007 /* ZoneData.swift */ = {isa = PBXFileReference; lastKnownFileType = sourcecode.swift; path = ZoneData.swift; sourceTree = "<group>"; };
		FW020000000000000000008 /* HeadData.swift */ = {isa = PBXFileReference; lastKnownFileType = sourcecode.swift; path = HeadData.swift; sourceTree = "<group>"; };
		FW020000000000000000009 /* ProblemData.swift */ = {isa = PBXFileReference; lastKnownFileType = sourcecode.swift; path = ProblemData.swift; sourceTree = "<group>"; };
		FW02000000000000000000A /* ScheduleData.swift */ = {isa = PBXFileReference; lastKnownFileType = sourcecode.swift; path = ScheduleData.swift; sourceTree = "<group>"; };
		FW02000000000000000000B /* SoilTestData.swift */ = {isa = PBXFileReference; lastKnownFileType = sourcecode.swift; path = SoilTestData.swift; sourceTree = "<group>"; };
		FW02000000000000000000C /* FertilizerData.swift */ = {isa = PBXFileReference; lastKnownFileType = sourcecode.swift; path = FertilizerData.swift; sourceTree = "<group>"; };
		FW02000000000000000000D /* MaintenanceData.swift */ = {isa = PBXFileReference; lastKnownFileType = sourcecode.swift; path = MaintenanceData.swift; sourceTree = "<group>"; };
		FW02000000000000000000E /* InventoryData.swift */ = {isa = PBXFileReference; lastKnownFileType = sourcecode.swift; path = InventoryData.swift; sourceTree = "<group>"; };
		FW02000000000000000000F /* ContentView.swift */ = {isa = PBXFileReference; lastKnownFileType = sourcecode.swift; path = ContentView.swift; sourceTree = "<group>"; };
		FW020000000000000000010 /* ZoneListView.swift */ = {isa = PBXFileReference; lastKnownFileType = sourcecode.swift; path = ZoneListView.swift; sourceTree = "<group>"; };
		FW020000000000000000011 /* ZoneDetailView.swift */ = {isa = PBXFileReference; lastKnownFileType = sourcecode.swift; path = ZoneDetailView.swift; sourceTree = "<group>"; };
		FW020000000000000000012 /* HeadInventoryView.swift */ = {isa = PBXFileReference; lastKnownFileType = sourcecode.swift; path = HeadInventoryView.swift; sourceTree = "<group>"; };
		FW020000000000000000013 /* HeadDetailView.swift */ = {isa = PBXFileReference; lastKnownFileType = sourcecode.swift; path = HeadDetailView.swift; sourceTree = "<group>"; };
		FW020000000000000000014 /* ProblemAreaView.swift */ = {isa = PBXFileReference; lastKnownFileType = sourcecode.swift; path = ProblemAreaView.swift; sourceTree = "<group>"; };
		FW020000000000000000015 /* ScheduleView.swift */ = {isa = PBXFileReference; lastKnownFileType = sourcecode.swift; path = ScheduleView.swift; sourceTree = "<group>"; };
		FW020000000000000000016 /* ShrubBedView.swift */ = {isa = PBXFileReference; lastKnownFileType = sourcecode.swift; path = ShrubBedView.swift; sourceTree = "<group>"; };
		FW020000000000000000017 /* FertilizerView.swift */ = {isa = PBXFileReference; lastKnownFileType = sourcecode.swift; path = FertilizerView.swift; sourceTree = "<group>"; };
		FW020000000000000000018 /* InventoryView.swift */ = {isa = PBXFileReference; lastKnownFileType = sourcecode.swift; path = InventoryView.swift; sourceTree = "<group>"; };
		FW020000000000000000019 /* SpreaderCalcView.swift */ = {isa = PBXFileReference; lastKnownFileType = sourcecode.swift; path = SpreaderCalcView.swift; sourceTree = "<group>"; };
		FW02000000000000000001A /* SoilTestView.swift */ = {isa = PBXFileReference; lastKnownFileType = sourcecode.swift; path = SoilTestView.swift; sourceTree = "<group>"; };
		FW02000000000000000001B /* MaintenanceView.swift */ = {isa = PBXFileReference; lastKnownFileType = sourcecode.swift; path = MaintenanceView.swift; sourceTree = "<group>"; };
		FW02000000000000000001C /* MowLogView.swift */ = {isa = PBXFileReference; lastKnownFileType = sourcecode.swift; path = MowLogView.swift; sourceTree = "<group>"; };
		FW02000000000000000001D /* Assets.xcassets */ = {isa = PBXFileReference; lastKnownFileType = folder.assetcatalog; path = Assets.xcassets; sourceTree = "<group>"; };
		FW02000000000000000001E /* FairwayBlobTests.swift */ = {isa = PBXFileReference; lastKnownFileType = sourcecode.swift; path = FairwayBlobTests.swift; sourceTree = "<group>"; };
		FW02000000000000000001F /* Fairway.app */ = {isa = PBXFileReference; explicitFileType = wrapper.application; includeInIndex = 0; path = Fairway.app; sourceTree = BUILT_PRODUCTS_DIR; };
		FW020000000000000000020 /* FairwayTests.xctest */ = {isa = PBXFileReference; explicitFileType = wrapper.cfbundle; includeInIndex = 0; path = FairwayTests.xctest; sourceTree = BUILT_PRODUCTS_DIR; };
		FW020000000000000000021 /* CormorantGaramond-Italic.ttf */ = {isa = PBXFileReference; lastKnownFileType = file; path = "CormorantGaramond-Italic.ttf"; sourceTree = "<group>"; };
		FW020000000000000000022 /* FairwayFont.swift */ = {isa = PBXFileReference; lastKnownFileType = sourcecode.swift; path = FairwayFont.swift; sourceTree = "<group>"; };
		FW020000000000000000023 /* LogoView.swift */ = {isa = PBXFileReference; lastKnownFileType = sourcecode.swift; path = LogoView.swift; sourceTree = "<group>"; };
		FW020000000000000000024 /* LaunchView.swift */ = {isa = PBXFileReference; lastKnownFileType = sourcecode.swift; path = LaunchView.swift; sourceTree = "<group>"; };
		FW020000000000000000025 /* ObservationData.swift */ = {isa = PBXFileReference; lastKnownFileType = sourcecode.swift; path = ObservationData.swift; sourceTree = "<group>"; };
		FW020000000000000000026 /* WaterRunData.swift */ = {isa = PBXFileReference; lastKnownFileType = sourcecode.swift; path = WaterRunData.swift; sourceTree = "<group>"; };
		FW020000000000000000027 /* FertApplicationData.swift */ = {isa = PBXFileReference; lastKnownFileType = sourcecode.swift; path = FertApplicationData.swift; sourceTree = "<group>"; };
		FW020000000000000000028 /* PropertySettings.swift */ = {isa = PBXFileReference; lastKnownFileType = sourcecode.swift; path = PropertySettings.swift; sourceTree = "<group>"; };
		FW020000000000000000029 /* MowDirectionTests.swift */ = {isa = PBXFileReference; lastKnownFileType = sourcecode.swift; path = MowDirectionTests.swift; sourceTree = "<group>"; };
		FW02000000000000000002A /* QuickLogFAB.swift */ = {isa = PBXFileReference; lastKnownFileType = sourcecode.swift; path = QuickLogFAB.swift; sourceTree = "<group>"; };
		FW02000000000000000002B /* QuickLogSheet.swift */ = {isa = PBXFileReference; lastKnownFileType = sourcecode.swift; path = QuickLogSheet.swift; sourceTree = "<group>"; };
		FW02000000000000000002C /* PhotoStore.swift */ = {isa = PBXFileReference; lastKnownFileType = sourcecode.swift; path = PhotoStore.swift; sourceTree = "<group>"; };
		FW02000000000000000002D /* AddObservationSheet.swift */ = {isa = PBXFileReference; lastKnownFileType = sourcecode.swift; path = AddObservationSheet.swift; sourceTree = "<group>"; };
		FW02000000000000000002E /* PhotoStoreTests.swift */ = {isa = PBXFileReference; lastKnownFileType = sourcecode.swift; path = PhotoStoreTests.swift; sourceTree = "<group>"; };
		FW02000000000000000002F /* AddWaterRunSheet.swift */ = {isa = PBXFileReference; lastKnownFileType = sourcecode.swift; path = AddWaterRunSheet.swift; sourceTree = "<group>"; };
		FW020000000000000000030 /* AddFertAppSheet.swift */ = {isa = PBXFileReference; lastKnownFileType = sourcecode.swift; path = AddFertAppSheet.swift; sourceTree = "<group>"; };
		FW020000000000000000031 /* Geocoder.swift */ = {isa = PBXFileReference; lastKnownFileType = sourcecode.swift; path = Geocoder.swift; sourceTree = "<group>"; };
		FW020000000000000000032 /* PropertySettingsView.swift */ = {isa = PBXFileReference; lastKnownFileType = sourcecode.swift; path = PropertySettingsView.swift; sourceTree = "<group>"; };
		FW020000000000000000033 /* SettingsView.swift */ = {isa = PBXFileReference; lastKnownFileType = sourcecode.swift; path = SettingsView.swift; sourceTree = "<group>"; };
		FW020000000000000000034 /* MapTabView.swift */ = {isa = PBXFileReference; lastKnownFileType = sourcecode.swift; path = MapTabView.swift; sourceTree = "<group>"; };
		FW020000000000000000035 /* MapListToggleView.swift */ = {isa = PBXFileReference; lastKnownFileType = sourcecode.swift; path = MapListToggleView.swift; sourceTree = "<group>"; };
		FW020000000000000000036 /* HeadPinEditor.swift */ = {isa = PBXFileReference; lastKnownFileType = sourcecode.swift; path = HeadPinEditor.swift; sourceTree = "<group>"; };
		FW020000000000000000037 /* RachioKeychain.swift */ = {isa = PBXFileReference; lastKnownFileType = sourcecode.swift; path = RachioKeychain.swift; sourceTree = "<group>"; };
		FW020000000000000000038 /* RachioAPI.swift */ = {isa = PBXFileReference; lastKnownFileType = sourcecode.swift; path = RachioAPI.swift; sourceTree = "<group>"; };
		FW020000000000000000039 /* RachioDTOs.swift */ = {isa = PBXFileReference; lastKnownFileType = sourcecode.swift; path = RachioDTOs.swift; sourceTree = "<group>"; };
		FW02000000000000000003A /* RachioState.swift */ = {isa = PBXFileReference; lastKnownFileType = sourcecode.swift; path = RachioState.swift; sourceTree = "<group>"; };
		FW02000000000000000003B /* RachioSettingsView.swift */ = {isa = PBXFileReference; lastKnownFileType = sourcecode.swift; path = RachioSettingsView.swift; sourceTree = "<group>"; };
		FW02000000000000000003C /* RachioHistoryView.swift */ = {isa = PBXFileReference; lastKnownFileType = sourcecode.swift; path = RachioHistoryView.swift; sourceTree = "<group>"; };
		FW02000000000000000003D /* RachioDecodeTests.swift */ = {isa = PBXFileReference; lastKnownFileType = sourcecode.swift; path = RachioDecodeTests.swift; sourceTree = "<group>"; };
		FW02000000000000000003E /* PreSeasonAuditView.swift */ = {isa = PBXFileReference; lastKnownFileType = sourcecode.swift; path = PreSeasonAuditView.swift; sourceTree = "<group>"; };
/* End PBXFileReference section */

/* Begin PBXFrameworksBuildPhase section */
		FW030000000000000000001 /* Frameworks */ = {
			isa = PBXFrameworksBuildPhase;
			buildActionMask = 2147483647;
			files = (
			);
			runOnlyForDeploymentPostprocessing = 0;
		};
		FW030000000000000000002 /* Frameworks */ = {
			isa = PBXFrameworksBuildPhase;
			buildActionMask = 2147483647;
			files = (
			);
			runOnlyForDeploymentPostprocessing = 0;
		};
/* End PBXFrameworksBuildPhase section */

/* Begin PBXGroup section */
		FW040000000000000000001 = {
			isa = PBXGroup;
			children = (
				FW040000000000000000002 /* Fairway */,
				FW04000000000000000000C /* FairwayTests */,
				FW040000000000000000003 /* Products */,
			);
			sourceTree = "<group>";
		};
		FW040000000000000000002 /* Fairway */ = {
			isa = PBXGroup;
			children = (
				FW020000000000000000001 /* FairwayApp.swift */,
				FW020000000000000000002 /* FairwayBlob.swift */,
				FW020000000000000000003 /* FairwayConfig.swift */,
				FW020000000000000000004 /* FairwayStore.swift */,
				FW020000000000000000005 /* FairwayTheme.swift */,
				FW020000000000000000022 /* FairwayFont.swift */,
				FW020000000000000000006 /* PreviewData.swift */,
					FW040000000000000000004 /* Models */,
				FW040000000000000000005 /* Views */,
				FW04000000000000000000D /* Services */,
				FW040000000000000000006 /* Fonts */,
				FW02000000000000000001D /* Assets.xcassets */,
			);
			path = Fairway;
			sourceTree = "<group>";
		};
		FW040000000000000000003 /* Products */ = {
			isa = PBXGroup;
			children = (
				FW02000000000000000001F /* Fairway.app */,
				FW020000000000000000020 /* FairwayTests.xctest */,
			);
			name = Products;
			sourceTree = "<group>";
		};
		FW040000000000000000004 /* Models */ = {
			isa = PBXGroup;
			children = (
				FW020000000000000000007 /* ZoneData.swift */,
				FW020000000000000000008 /* HeadData.swift */,
				FW020000000000000000009 /* ProblemData.swift */,
				FW02000000000000000000A /* ScheduleData.swift */,
				FW02000000000000000000B /* SoilTestData.swift */,
				FW02000000000000000000C /* FertilizerData.swift */,
				FW02000000000000000000D /* MaintenanceData.swift */,
				FW02000000000000000000E /* InventoryData.swift */,
				FW020000000000000000025 /* ObservationData.swift */,
				FW020000000000000000026 /* WaterRunData.swift */,
				FW020000000000000000027 /* FertApplicationData.swift */,
				FW020000000000000000028 /* PropertySettings.swift */,
				FW02000000000000000003A /* RachioState.swift */,
			);
			path = Models;
			sourceTree = "<group>";
		};
		FW040000000000000000005 /* Views */ = {
			isa = PBXGroup;
			children = (
					FW02000000000000000000F /* ContentView.swift */,
				FW020000000000000000023 /* LogoView.swift */,
				FW020000000000000000024 /* LaunchView.swift */,
				FW02000000000000000002A /* QuickLogFAB.swift */,
				FW02000000000000000002B /* QuickLogSheet.swift */,
				FW02000000000000000002D /* AddObservationSheet.swift */,
				FW02000000000000000002F /* AddWaterRunSheet.swift */,
				FW020000000000000000030 /* AddFertAppSheet.swift */,
				FW020000000000000000032 /* PropertySettingsView.swift */,
				FW020000000000000000033 /* SettingsView.swift */,
				FW020000000000000000034 /* MapTabView.swift */,
				FW020000000000000000035 /* MapListToggleView.swift */,
				FW020000000000000000036 /* HeadPinEditor.swift */,
				FW02000000000000000003B /* RachioSettingsView.swift */,
				FW02000000000000000003C /* RachioHistoryView.swift */,
				FW02000000000000000003E /* PreSeasonAuditView.swift */,
				FW020000000000000000010 /* ZoneListView.swift */,
				FW020000000000000000011 /* ZoneDetailView.swift */,
				FW020000000000000000012 /* HeadInventoryView.swift */,
				FW020000000000000000013 /* HeadDetailView.swift */,
				FW020000000000000000014 /* ProblemAreaView.swift */,
				FW020000000000000000015 /* ScheduleView.swift */,
				FW020000000000000000016 /* ShrubBedView.swift */,
				FW020000000000000000017 /* FertilizerView.swift */,
				FW020000000000000000018 /* InventoryView.swift */,
				FW020000000000000000019 /* SpreaderCalcView.swift */,
				FW02000000000000000001A /* SoilTestView.swift */,
				FW02000000000000000001B /* MaintenanceView.swift */,
				FW02000000000000000001C /* MowLogView.swift */,
			);
			path = Views;
			sourceTree = "<group>";
		};
		FW04000000000000000000C /* FairwayTests */ = {
			isa = PBXGroup;
			children = (
				FW02000000000000000001E /* FairwayBlobTests.swift */,
				FW020000000000000000029 /* MowDirectionTests.swift */,
				FW02000000000000000002E /* PhotoStoreTests.swift */,
				FW02000000000000000003D /* RachioDecodeTests.swift */,
			);
			path = FairwayTests;
			sourceTree = "<group>";
		};
		FW040000000000000000006 /* Fonts */ = {
			isa = PBXGroup;
			children = (
				FW020000000000000000021 /* CormorantGaramond-Italic.ttf */,
			);
			path = Fonts;
			sourceTree = "<group>";
		};
		FW04000000000000000000D /* Services */ = {
			isa = PBXGroup;
			children = (
				FW02000000000000000002C /* PhotoStore.swift */,
				FW020000000000000000031 /* Geocoder.swift */,
				FW020000000000000000037 /* RachioKeychain.swift */,
				FW020000000000000000038 /* RachioAPI.swift */,
				FW020000000000000000039 /* RachioDTOs.swift */,
			);
			path = Services;
			sourceTree = "<group>";
		};
/* End PBXGroup section */

/* Begin PBXNativeTarget section */
		FW050000000000000000001 /* Fairway */ = {
			isa = PBXNativeTarget;
			buildConfigurationList = FW0E0000000000000000002 /* Build configuration list for PBXNativeTarget "Fairway" */;
			buildPhases = (
				FW0B0000000000000000001 /* Sources */,
				FW030000000000000000001 /* Frameworks */,
				FW0C0000000000000000001 /* Resources */,
			);
			buildRules = (
			);
			dependencies = (
			);
			name = Fairway;
			productName = Fairway;
			productReference = FW02000000000000000001F /* Fairway.app */;
			productType = "com.apple.product-type.application";
		};
		FW050000000000000000002 /* FairwayTests */ = {
			isa = PBXNativeTarget;
			buildConfigurationList = FW0E0000000000000000003 /* Build configuration list for PBXNativeTarget "FairwayTests" */;
			buildPhases = (
				FW0B0000000000000000002 /* Sources */,
				FW030000000000000000002 /* Frameworks */,
				FW0C0000000000000000002 /* Resources */,
			);
			buildRules = (
			);
			dependencies = (
				FW0D0000000000000000001 /* PBXTargetDependency */,
			);
			name = FairwayTests;
			productName = FairwayTests;
			productReference = FW020000000000000000020 /* FairwayTests.xctest */;
			productType = "com.apple.product-type.bundle.unit-test";
		};
/* End PBXNativeTarget section */

/* Begin PBXProject section */
		FW060000000000000000001 /* Project object */ = {
			isa = PBXProject;
			attributes = {
				BuildIndependentTargetsInParallel = 1;
				LastSwiftUpdateCheck = 1500;
				LastUpgradeCheck = 1500;
				TargetAttributes = {
					FW050000000000000000001 = {
						CreatedOnToolsVersion = 15.0;
					};
					FW050000000000000000002 = {
						CreatedOnToolsVersion = 15.0;
						TestTargetID = FW050000000000000000001;
					};
				};
			};
			buildConfigurationList = FW0E0000000000000000001 /* Build configuration list for PBXProject "Fairway" */;
			compatibilityVersion = "Xcode 14.0";
			developmentRegion = en;
			hasScannedForEncodings = 0;
			knownRegions = (
				en,
				Base,
			);
			mainGroup = FW040000000000000000001;
			productRefGroup = FW040000000000000000003 /* Products */;
			projectDirPath = "";
			projectRoot = "";
			targets = (
				FW050000000000000000001 /* Fairway */,
				FW050000000000000000002 /* FairwayTests */,
			);
		};
/* End PBXProject section */

/* Begin PBXResourcesBuildPhase section */
		FW0C0000000000000000001 /* Resources */ = {
			isa = PBXResourcesBuildPhase;
			buildActionMask = 2147483647;
			files = (
				FW01000000000000000001D /* Assets.xcassets in Resources */,
				FW010000000000000000021 /* CormorantGaramond-Italic.ttf in Resources */,
			);
			runOnlyForDeploymentPostprocessing = 0;
		};
		FW0C0000000000000000002 /* Resources */ = {
			isa = PBXResourcesBuildPhase;
			buildActionMask = 2147483647;
			files = (
			);
			runOnlyForDeploymentPostprocessing = 0;
		};
/* End PBXResourcesBuildPhase section */

/* Begin PBXSourcesBuildPhase section */
		FW0B0000000000000000001 /* Sources */ = {
			isa = PBXSourcesBuildPhase;
			buildActionMask = 2147483647;
			files = (
				FW010000000000000000001 /* FairwayApp.swift in Sources */,
				FW010000000000000000002 /* FairwayBlob.swift in Sources */,
				FW010000000000000000003 /* FairwayConfig.swift in Sources */,
				FW010000000000000000004 /* FairwayStore.swift in Sources */,
				FW010000000000000000005 /* FairwayTheme.swift in Sources */,
				FW010000000000000000006 /* PreviewData.swift in Sources */,
				FW010000000000000000007 /* ZoneData.swift in Sources */,
				FW010000000000000000008 /* HeadData.swift in Sources */,
				FW010000000000000000009 /* ProblemData.swift in Sources */,
				FW01000000000000000000A /* ScheduleData.swift in Sources */,
				FW01000000000000000000B /* SoilTestData.swift in Sources */,
				FW01000000000000000000C /* FertilizerData.swift in Sources */,
				FW01000000000000000000D /* MaintenanceData.swift in Sources */,
				FW01000000000000000000E /* InventoryData.swift in Sources */,
				FW01000000000000000000F /* ContentView.swift in Sources */,
				FW010000000000000000010 /* ZoneListView.swift in Sources */,
				FW010000000000000000011 /* ZoneDetailView.swift in Sources */,
				FW010000000000000000012 /* HeadInventoryView.swift in Sources */,
				FW010000000000000000013 /* HeadDetailView.swift in Sources */,
				FW010000000000000000014 /* ProblemAreaView.swift in Sources */,
				FW010000000000000000015 /* ScheduleView.swift in Sources */,
				FW010000000000000000016 /* ShrubBedView.swift in Sources */,
				FW010000000000000000017 /* FertilizerView.swift in Sources */,
				FW010000000000000000018 /* InventoryView.swift in Sources */,
				FW010000000000000000019 /* SpreaderCalcView.swift in Sources */,
				FW01000000000000000001A /* SoilTestView.swift in Sources */,
				FW01000000000000000001B /* MaintenanceView.swift in Sources */,
				FW01000000000000000001C /* MowLogView.swift in Sources */,
				FW010000000000000000022 /* FairwayFont.swift in Sources */,
				FW010000000000000000023 /* LogoView.swift in Sources */,
				FW010000000000000000024 /* LaunchView.swift in Sources */,
				FW010000000000000000025 /* ObservationData.swift in Sources */,
				FW010000000000000000026 /* WaterRunData.swift in Sources */,
				FW010000000000000000027 /* FertApplicationData.swift in Sources */,
				FW010000000000000000028 /* PropertySettings.swift in Sources */,
				FW01000000000000000002A /* QuickLogFAB.swift in Sources */,
				FW01000000000000000002B /* QuickLogSheet.swift in Sources */,
				FW01000000000000000002C /* PhotoStore.swift in Sources */,
				FW01000000000000000002D /* AddObservationSheet.swift in Sources */,
				FW01000000000000000002F /* AddWaterRunSheet.swift in Sources */,
				FW010000000000000000030 /* AddFertAppSheet.swift in Sources */,
				FW010000000000000000031 /* Geocoder.swift in Sources */,
				FW010000000000000000032 /* PropertySettingsView.swift in Sources */,
				FW010000000000000000033 /* SettingsView.swift in Sources */,
				FW010000000000000000034 /* MapTabView.swift in Sources */,
				FW010000000000000000035 /* MapListToggleView.swift in Sources */,
				FW010000000000000000036 /* HeadPinEditor.swift in Sources */,
				FW010000000000000000037 /* RachioKeychain.swift in Sources */,
				FW010000000000000000038 /* RachioAPI.swift in Sources */,
				FW010000000000000000039 /* RachioDTOs.swift in Sources */,
				FW01000000000000000003A /* RachioState.swift in Sources */,
				FW01000000000000000003B /* RachioSettingsView.swift in Sources */,
				FW01000000000000000003C /* RachioHistoryView.swift in Sources */,
				FW01000000000000000003E /* PreSeasonAuditView.swift in Sources */,
			);
			runOnlyForDeploymentPostprocessing = 0;
		};
		FW0B0000000000000000002 /* Sources */ = {
			isa = PBXSourcesBuildPhase;
			buildActionMask = 2147483647;
			files = (
				FW01000000000000000001E /* FairwayBlobTests.swift in Sources */,
				FW010000000000000000029 /* MowDirectionTests.swift in Sources */,
				FW01000000000000000002E /* PhotoStoreTests.swift in Sources */,
				FW01000000000000000003D /* RachioDecodeTests.swift in Sources */,
			);
			runOnlyForDeploymentPostprocessing = 0;
		};
/* End PBXSourcesBuildPhase section */

/* Begin PBXTargetDependency section */
		FW0D0000000000000000001 /* PBXTargetDependency */ = {
			isa = PBXTargetDependency;
			target = FW050000000000000000001 /* Fairway */;
			targetProxy = FW080000000000000000001 /* PBXContainerItemProxy */;
		};
/* End PBXTargetDependency section */

/* Begin XCBuildConfiguration section */
		FW070000000000000000001 /* Debug */ = {
			isa = XCBuildConfiguration;
			buildSettings = {
				ALWAYS_SEARCH_USER_PATHS = NO;
				ASSETCATALOG_COMPILER_GENERATE_SWIFT_ASSET_SYMBOL_EXTENSIONS = YES;
				CLANG_ANALYZER_NONNULL = YES;
				CLANG_ANALYZER_NUMBER_OBJECT_CONVERSION = YES_AGGRESSIVE;
				CLANG_CXX_LANGUAGE_STANDARD = "gnu++20";
				CLANG_ENABLE_MODULES = YES;
				CLANG_ENABLE_OBJC_ARC = YES;
				CLANG_ENABLE_OBJC_WEAK = YES;
				CLANG_WARN_BLOCK_CAPTURE_AUTORELEASING = YES;
				CLANG_WARN_BOOL_CONVERSION = YES;
				CLANG_WARN_COMMA = YES;
				CLANG_WARN_CONSTANT_CONVERSION = YES;
				CLANG_WARN_DEPRECATED_OBJC_IMPLEMENTATIONS = YES;
				CLANG_WARN_DIRECT_OBJC_ISA_USAGE = YES_ERROR;
				CLANG_WARN_DOCUMENTATION_COMMENTS = YES;
				CLANG_WARN_EMPTY_BODY = YES;
				CLANG_WARN_ENUM_CONVERSION = YES;
				CLANG_WARN_INFINITE_RECURSION = YES;
				CLANG_WARN_INT_CONVERSION = YES;
				CLANG_WARN_NON_LITERAL_NULL_CONVERSION = YES;
				CLANG_WARN_OBJC_IMPLICIT_RETAIN_SELF = YES;
				CLANG_WARN_OBJC_LITERAL_CONVERSION = YES;
				CLANG_WARN_OBJC_ROOT_CLASS = YES_ERROR;
				CLANG_WARN_QUOTED_INCLUDE_IN_FRAMEWORK_HEADER = YES;
				CLANG_WARN_RANGE_LOOP_ANALYSIS = YES;
				CLANG_WARN_STRICT_PROTOTYPES = YES;
				CLANG_WARN_SUSPICIOUS_MOVE = YES;
				CLANG_WARN_UNGUARDED_AVAILABILITY = YES_AGGRESSIVE;
				CLANG_WARN_UNREACHABLE_CODE = YES;
				CLANG_WARN__DUPLICATE_METHOD_MATCH = YES;
				COPY_PHASE_STRIP = NO;
				DEBUG_INFORMATION_FORMAT = dwarf;
				ENABLE_STRICT_OBJC_MSGSEND = YES;
				ENABLE_TESTABILITY = YES;
				ENABLE_USER_SCRIPT_SANDBOXING = YES;
				GCC_C_LANGUAGE_STANDARD = gnu17;
				GCC_DYNAMIC_NO_PIC = NO;
				GCC_NO_COMMON_BLOCKS = YES;
				GCC_OPTIMIZATION_LEVEL = 0;
				GCC_PREPROCESSOR_DEFINITIONS = (
					"DEBUG=1",
					"$(inherited)",
				);
				GCC_WARN_64_TO_32_BIT_CONVERSION = YES;
				GCC_WARN_ABOUT_RETURN_TYPE = YES_ERROR;
				GCC_WARN_UNDECLARED_SELECTOR = YES;
				GCC_WARN_UNINITIALIZED_AUTOS = YES_AGGRESSIVE;
				GCC_WARN_UNUSED_FUNCTION = YES;
				GCC_WARN_UNUSED_VARIABLE = YES;
				IPHONEOS_DEPLOYMENT_TARGET = 17.0;
				LOCALIZATION_PREFERS_STRING_CATALOGS = YES;
				MTL_ENABLE_DEBUG_INFO = INCLUDE_SOURCE;
				MTL_FAST_MATH = YES;
				ONLY_ACTIVE_ARCH = YES;
				SDKROOT = iphoneos;
				SWIFT_ACTIVE_COMPILATION_CONDITIONS = "DEBUG $(inherited)";
				SWIFT_OPTIMIZATION_LEVEL = "-Onone";
			};
			name = Debug;
		};
		FW070000000000000000002 /* Release */ = {
			isa = XCBuildConfiguration;
			buildSettings = {
				ALWAYS_SEARCH_USER_PATHS = NO;
				ASSETCATALOG_COMPILER_GENERATE_SWIFT_ASSET_SYMBOL_EXTENSIONS = YES;
				CLANG_ANALYZER_NONNULL = YES;
				CLANG_ANALYZER_NUMBER_OBJECT_CONVERSION = YES_AGGRESSIVE;
				CLANG_CXX_LANGUAGE_STANDARD = "gnu++20";
				CLANG_ENABLE_MODULES = YES;
				CLANG_ENABLE_OBJC_ARC = YES;
				CLANG_ENABLE_OBJC_WEAK = YES;
				CLANG_WARN_BLOCK_CAPTURE_AUTORELEASING = YES;
				CLANG_WARN_BOOL_CONVERSION = YES;
				CLANG_WARN_COMMA = YES;
				CLANG_WARN_CONSTANT_CONVERSION = YES;
				CLANG_WARN_DEPRECATED_OBJC_IMPLEMENTATIONS = YES;
				CLANG_WARN_DIRECT_OBJC_ISA_USAGE = YES_ERROR;
				CLANG_WARN_DOCUMENTATION_COMMENTS = YES;
				CLANG_WARN_EMPTY_BODY = YES;
				CLANG_WARN_ENUM_CONVERSION = YES;
				CLANG_WARN_INFINITE_RECURSION = YES;
				CLANG_WARN_INT_CONVERSION = YES;
				CLANG_WARN_NON_LITERAL_NULL_CONVERSION = YES;
				CLANG_WARN_OBJC_IMPLICIT_RETAIN_SELF = YES;
				CLANG_WARN_OBJC_LITERAL_CONVERSION = YES;
				CLANG_WARN_OBJC_ROOT_CLASS = YES_ERROR;
				CLANG_WARN_QUOTED_INCLUDE_IN_FRAMEWORK_HEADER = YES;
				CLANG_WARN_RANGE_LOOP_ANALYSIS = YES;
				CLANG_WARN_STRICT_PROTOTYPES = YES;
				CLANG_WARN_SUSPICIOUS_MOVE = YES;
				CLANG_WARN_UNGUARDED_AVAILABILITY = YES_AGGRESSIVE;
				CLANG_WARN_UNREACHABLE_CODE = YES;
				CLANG_WARN__DUPLICATE_METHOD_MATCH = YES;
				COPY_PHASE_STRIP = NO;
				DEBUG_INFORMATION_FORMAT = "dwarf-with-dsym";
				ENABLE_NS_ASSERTIONS = NO;
				ENABLE_STRICT_OBJC_MSGSEND = YES;
				ENABLE_USER_SCRIPT_SANDBOXING = YES;
				GCC_C_LANGUAGE_STANDARD = gnu17;
				GCC_NO_COMMON_BLOCKS = YES;
				GCC_WARN_64_TO_32_BIT_CONVERSION = YES;
				GCC_WARN_ABOUT_RETURN_TYPE = YES_ERROR;
				GCC_WARN_UNDECLARED_SELECTOR = YES;
				GCC_WARN_UNINITIALIZED_AUTOS = YES_AGGRESSIVE;
				GCC_WARN_UNUSED_FUNCTION = YES;
				GCC_WARN_UNUSED_VARIABLE = YES;
				IPHONEOS_DEPLOYMENT_TARGET = 17.0;
				LOCALIZATION_PREFERS_STRING_CATALOGS = YES;
				MTL_ENABLE_DEBUG_INFO = NO;
				MTL_FAST_MATH = YES;
				SDKROOT = iphoneos;
				SWIFT_COMPILATION_MODE = wholemodule;
				VALIDATE_PRODUCT = YES;
			};
			name = Release;
		};
		FW070000000000000000003 /* Debug */ = {
			isa = XCBuildConfiguration;
			buildSettings = {
				ASSETCATALOG_COMPILER_APPICON_NAME = AppIcon;
				ASSETCATALOG_COMPILER_GLOBAL_ACCENT_COLOR_NAME = AccentColor;
				CODE_SIGN_STYLE = Automatic;
				CURRENT_PROJECT_VERSION = 1;
				DEVELOPMENT_TEAM = 9XVT527KP3;
				ENABLE_PREVIEWS = YES;
				GENERATE_INFOPLIST_FILE = YES;
				INFOPLIST_KEY_CFBundleDisplayName = Fairway;
				INFOPLIST_KEY_UIApplicationSceneManifest_Generation = YES;
				INFOPLIST_KEY_UIApplicationSupportsIndirectInputEvents = YES;
				INFOPLIST_KEY_UIAppFonts = "CormorantGaramond-Italic.ttf";
				INFOPLIST_KEY_UILaunchScreen_Generation = YES;
				INFOPLIST_KEY_UISupportedInterfaceOrientations = "UIInterfaceOrientationPortrait UIInterfaceOrientationLandscapeLeft UIInterfaceOrientationLandscapeRight";
				INFOPLIST_KEY_UISupportedInterfaceOrientations_iPad = "UIInterfaceOrientationLandscapeLeft UIInterfaceOrientationLandscapeRight UIInterfaceOrientationPortrait UIInterfaceOrientationPortraitUpsideDown";
				LD_RUNPATH_SEARCH_PATHS = (
					"$(inherited)",
					"@executable_path/Frameworks",
				);
				MARKETING_VERSION = 0.1;
				PRODUCT_BUNDLE_IDENTIFIER = com.chasewhittaker.Fairway;
				PRODUCT_NAME = "$(TARGET_NAME)";
				SUPPORTED_PLATFORMS = "iphoneos iphonesimulator";
				SUPPORTS_MACCATALYST = NO;
				SWIFT_EMIT_LOC_STRINGS = YES;
				SWIFT_VERSION = 5.0;
				TARGETED_DEVICE_FAMILY = "1,2";
			};
			name = Debug;
		};
		FW070000000000000000004 /* Release */ = {
			isa = XCBuildConfiguration;
			buildSettings = {
				ASSETCATALOG_COMPILER_APPICON_NAME = AppIcon;
				ASSETCATALOG_COMPILER_GLOBAL_ACCENT_COLOR_NAME = AccentColor;
				CODE_SIGN_STYLE = Automatic;
				CURRENT_PROJECT_VERSION = 1;
				DEVELOPMENT_TEAM = 9XVT527KP3;
				ENABLE_PREVIEWS = YES;
				GENERATE_INFOPLIST_FILE = YES;
				INFOPLIST_KEY_CFBundleDisplayName = Fairway;
				INFOPLIST_KEY_UIApplicationSceneManifest_Generation = YES;
				INFOPLIST_KEY_UIApplicationSupportsIndirectInputEvents = YES;
				INFOPLIST_KEY_UIAppFonts = "CormorantGaramond-Italic.ttf";
				INFOPLIST_KEY_UILaunchScreen_Generation = YES;
				INFOPLIST_KEY_UISupportedInterfaceOrientations = "UIInterfaceOrientationPortrait UIInterfaceOrientationLandscapeLeft UIInterfaceOrientationLandscapeRight";
				INFOPLIST_KEY_UISupportedInterfaceOrientations_iPad = "UIInterfaceOrientationLandscapeLeft UIInterfaceOrientationLandscapeRight UIInterfaceOrientationPortrait UIInterfaceOrientationPortraitUpsideDown";
				LD_RUNPATH_SEARCH_PATHS = (
					"$(inherited)",
					"@executable_path/Frameworks",
				);
				MARKETING_VERSION = 0.1;
				PRODUCT_BUNDLE_IDENTIFIER = com.chasewhittaker.Fairway;
				PRODUCT_NAME = "$(TARGET_NAME)";
				SUPPORTED_PLATFORMS = "iphoneos iphonesimulator";
				SUPPORTS_MACCATALYST = NO;
				SWIFT_EMIT_LOC_STRINGS = YES;
				SWIFT_VERSION = 5.0;
				TARGETED_DEVICE_FAMILY = "1,2";
			};
			name = Release;
		};
		FW070000000000000000005 /* Debug */ = {
			isa = XCBuildConfiguration;
			buildSettings = {
				BUNDLE_LOADER = "$(TEST_HOST)";
				CODE_SIGN_STYLE = Automatic;
				CURRENT_PROJECT_VERSION = 1;
				DEVELOPMENT_TEAM = 9XVT527KP3;
				GENERATE_INFOPLIST_FILE = YES;
				IPHONEOS_DEPLOYMENT_TARGET = 17.0;
				MARKETING_VERSION = 0.1;
				PRODUCT_BUNDLE_IDENTIFIER = com.chasewhittaker.FairwayTests;
				PRODUCT_NAME = "$(TARGET_NAME)";
				SWIFT_EMIT_LOC_STRINGS = NO;
				SWIFT_VERSION = 5.0;
				TARGETED_DEVICE_FAMILY = "1,2";
				TEST_HOST = "$(BUILT_PRODUCTS_DIR)/Fairway.app/Fairway";
			};
			name = Debug;
		};
		FW070000000000000000006 /* Release */ = {
			isa = XCBuildConfiguration;
			buildSettings = {
				BUNDLE_LOADER = "$(TEST_HOST)";
				CODE_SIGN_STYLE = Automatic;
				CURRENT_PROJECT_VERSION = 1;
				DEVELOPMENT_TEAM = 9XVT527KP3;
				GENERATE_INFOPLIST_FILE = YES;
				IPHONEOS_DEPLOYMENT_TARGET = 17.0;
				MARKETING_VERSION = 0.1;
				PRODUCT_BUNDLE_IDENTIFIER = com.chasewhittaker.FairwayTests;
				PRODUCT_NAME = "$(TARGET_NAME)";
				SWIFT_EMIT_LOC_STRINGS = NO;
				SWIFT_VERSION = 5.0;
				TARGETED_DEVICE_FAMILY = "1,2";
				TEST_HOST = "$(BUILT_PRODUCTS_DIR)/Fairway.app/Fairway";
			};
			name = Release;
		};
/* End XCBuildConfiguration section */

/* Begin XCConfigurationList section */
		FW0E0000000000000000001 /* Build configuration list for PBXProject "Fairway" */ = {
			isa = XCConfigurationList;
			buildConfigurations = (
				FW070000000000000000001 /* Debug */,
				FW070000000000000000002 /* Release */,
			);
			defaultConfigurationIsVisible = 0;
			defaultConfigurationName = Release;
		};
		FW0E0000000000000000002 /* Build configuration list for PBXNativeTarget "Fairway" */ = {
			isa = XCConfigurationList;
			buildConfigurations = (
				FW070000000000000000003 /* Debug */,
				FW070000000000000000004 /* Release */,
			);
			defaultConfigurationIsVisible = 0;
			defaultConfigurationName = Release;
		};
		FW0E0000000000000000003 /* Build configuration list for PBXNativeTarget "FairwayTests" */ = {
			isa = XCConfigurationList;
			buildConfigurations = (
				FW070000000000000000005 /* Debug */,
				FW070000000000000000006 /* Release */,
			);
			defaultConfigurationIsVisible = 0;
			defaultConfigurationName = Release;
		};
/* End XCConfigurationList section */

	};
	rootObject = FW060000000000000000001 /* Project object */;
}
