// !$*UTF8*$!
{
	archiveVersion = 1;
	classes = {
	};
	objectVersion = 56;
	objects = {

/* Begin PBXBuildFile section */
		JS010000000000000000001 /* JobSearchHQApp.swift in Sources */ = {isa = PBXBuildFile; fileRef = JS020000000000000000001 /* JobSearchHQApp.swift */; };
		JS010000000000000000002 /* JobSearchBlob.swift in Sources */ = {isa = PBXBuildFile; fileRef = JS020000000000000000002 /* JobSearchBlob.swift */; };
		JS010000000000000000003 /* DailyFocusBlocks.swift in Sources */ = {isa = PBXBuildFile; fileRef = JS020000000000000000003 /* DailyFocusBlocks.swift */; };
		JS010000000000000000004 /* JobSearchConfig.swift in Sources */ = {isa = PBXBuildFile; fileRef = JS020000000000000000004 /* JobSearchConfig.swift */; };
		JS010000000000000000005 /* JobSearchStore.swift in Sources */ = {isa = PBXBuildFile; fileRef = JS020000000000000000005 /* JobSearchStore.swift */; };
		JS010000000000000000006 /* RemoteSync.swift in Sources */ = {isa = PBXBuildFile; fileRef = JS020000000000000000006 /* RemoteSync.swift */; };
		JS010000000000000000007 /* JSHQTheme.swift in Sources */ = {isa = PBXBuildFile; fileRef = JS020000000000000000007 /* JSHQTheme.swift */; };
		JS010000000000000000008 /* ContentView.swift in Sources */ = {isa = PBXBuildFile; fileRef = JS020000000000000000008 /* ContentView.swift */; };
		JS010000000000000000009 /* FocusTabView.swift in Sources */ = {isa = PBXBuildFile; fileRef = JS020000000000000000009 /* FocusTabView.swift */; };
		JS01000000000000000000A /* PipelineTabView.swift in Sources */ = {isa = PBXBuildFile; fileRef = JS02000000000000000000A /* PipelineTabView.swift */; };
		JS01000000000000000000B /* ApplicationEditorSheet.swift in Sources */ = {isa = PBXBuildFile; fileRef = JS02000000000000000000B /* ApplicationEditorSheet.swift */; };
		JS01000000000000000000C /* ContactsTabView.swift in Sources */ = {isa = PBXBuildFile; fileRef = JS02000000000000000000C /* ContactsTabView.swift */; };
		JS01000000000000000000D /* ContactEditorSheet.swift in Sources */ = {isa = PBXBuildFile; fileRef = JS02000000000000000000D /* ContactEditorSheet.swift */; };
		JS01000000000000000000E /* MoreTabView.swift in Sources */ = {isa = PBXBuildFile; fileRef = JS02000000000000000000E /* MoreTabView.swift */; };
		JS01000000000000000000F /* JobSearchBlobTests.swift in Sources */ = {isa = PBXBuildFile; fileRef = JS02000000000000000000F /* JobSearchBlobTests.swift */; };
		JS010000000000000000010 /* Assets.xcassets in Resources */ = {isa = PBXBuildFile; fileRef = JS020000000000000000010 /* Assets.xcassets */; };
		JS010000000000000000011 /* ClarityUI in Frameworks */ = {isa = PBXBuildFile; productRef = JS0A0000000000000000001 /* ClarityUI */; };
/* End PBXBuildFile section */

/* Begin PBXContainerItemProxy section */
		JS080000000000000000001 /* PBXContainerItemProxy */ = {
			isa = PBXContainerItemProxy;
			containerPortal = JS060000000000000000001 /* Project object */;
			proxyType = 1;
			remoteGlobalIDString = JS050000000000000000001;
			remoteInfo = JobSearchHQ;
		};
/* End PBXContainerItemProxy section */

/* Begin PBXFileReference section */
		JS020000000000000000001 /* JobSearchHQApp.swift */ = {isa = PBXFileReference; lastKnownFileType = sourcecode.swift; path = JobSearchHQApp.swift; sourceTree = "<group>"; };
		JS020000000000000000002 /* JobSearchBlob.swift */ = {isa = PBXFileReference; lastKnownFileType = sourcecode.swift; path = JobSearchBlob.swift; sourceTree = "<group>"; };
		JS020000000000000000003 /* DailyFocusBlocks.swift */ = {isa = PBXFileReference; lastKnownFileType = sourcecode.swift; path = DailyFocusBlocks.swift; sourceTree = "<group>"; };
		JS020000000000000000004 /* JobSearchConfig.swift */ = {isa = PBXFileReference; lastKnownFileType = sourcecode.swift; path = JobSearchConfig.swift; sourceTree = "<group>"; };
		JS020000000000000000005 /* JobSearchStore.swift */ = {isa = PBXFileReference; lastKnownFileType = sourcecode.swift; path = JobSearchStore.swift; sourceTree = "<group>"; };
		JS020000000000000000006 /* RemoteSync.swift */ = {isa = PBXFileReference; lastKnownFileType = sourcecode.swift; path = RemoteSync.swift; sourceTree = "<group>"; };
		JS020000000000000000007 /* JSHQTheme.swift */ = {isa = PBXFileReference; lastKnownFileType = sourcecode.swift; path = JSHQTheme.swift; sourceTree = "<group>"; };
		JS020000000000000000008 /* ContentView.swift */ = {isa = PBXFileReference; lastKnownFileType = sourcecode.swift; path = ContentView.swift; sourceTree = "<group>"; };
		JS020000000000000000009 /* FocusTabView.swift */ = {isa = PBXFileReference; lastKnownFileType = sourcecode.swift; path = FocusTabView.swift; sourceTree = "<group>"; };
		JS02000000000000000000A /* PipelineTabView.swift */ = {isa = PBXFileReference; lastKnownFileType = sourcecode.swift; path = PipelineTabView.swift; sourceTree = "<group>"; };
		JS02000000000000000000B /* ApplicationEditorSheet.swift */ = {isa = PBXFileReference; lastKnownFileType = sourcecode.swift; path = ApplicationEditorSheet.swift; sourceTree = "<group>"; };
		JS02000000000000000000C /* ContactsTabView.swift */ = {isa = PBXFileReference; lastKnownFileType = sourcecode.swift; path = ContactsTabView.swift; sourceTree = "<group>"; };
		JS02000000000000000000D /* ContactEditorSheet.swift */ = {isa = PBXFileReference; lastKnownFileType = sourcecode.swift; path = ContactEditorSheet.swift; sourceTree = "<group>"; };
		JS02000000000000000000E /* MoreTabView.swift */ = {isa = PBXFileReference; lastKnownFileType = sourcecode.swift; path = MoreTabView.swift; sourceTree = "<group>"; };
		JS02000000000000000000F /* JobSearchBlobTests.swift */ = {isa = PBXFileReference; lastKnownFileType = sourcecode.swift; path = JobSearchBlobTests.swift; sourceTree = "<group>"; };
		JS020000000000000000010 /* Assets.xcassets */ = {isa = PBXFileReference; lastKnownFileType = folder.assetcatalog; path = Assets.xcassets; sourceTree = "<group>"; };
		JS020000000000000000011 /* JobSearchHQ.app */ = {isa = PBXFileReference; explicitFileType = wrapper.application; includeInIndex = 0; path = JobSearchHQ.app; sourceTree = BUILT_PRODUCTS_DIR; };
		JS020000000000000000012 /* JobSearchHQTests.xctest */ = {isa = PBXFileReference; explicitFileType = wrapper.cfbundle; includeInIndex = 0; path = JobSearchHQTests.xctest; sourceTree = BUILT_PRODUCTS_DIR; };
/* End PBXFileReference section */

/* Begin PBXFrameworksBuildPhase section */
		JS030000000000000000001 /* Frameworks */ = {
			isa = PBXFrameworksBuildPhase;
			buildActionMask = 2147483647;
			files = (
				JS010000000000000000011 /* ClarityUI in Frameworks */,
			);
			runOnlyForDeploymentPostprocessing = 0;
		};
		JS030000000000000000002 /* Frameworks */ = {
			isa = PBXFrameworksBuildPhase;
			buildActionMask = 2147483647;
			files = (
			);
			runOnlyForDeploymentPostprocessing = 0;
		};
/* End PBXFrameworksBuildPhase section */

/* Begin PBXGroup section */
		JS040000000000000000001 = {
			isa = PBXGroup;
			children = (
				JS040000000000000000002 /* JobSearchHQ */,
				JS04000000000000000000B /* JobSearchHQTests */,
				JS040000000000000000003 /* Products */,
			);
			sourceTree = "<group>";
		};
		JS040000000000000000002 /* JobSearchHQ */ = {
			isa = PBXGroup;
			children = (
				JS020000000000000000001 /* JobSearchHQApp.swift */,
				JS020000000000000000002 /* JobSearchBlob.swift */,
				JS020000000000000000003 /* DailyFocusBlocks.swift */,
				JS020000000000000000004 /* JobSearchConfig.swift */,
				JS020000000000000000005 /* JobSearchStore.swift */,
				JS020000000000000000006 /* RemoteSync.swift */,
				JS020000000000000000007 /* JSHQTheme.swift */,
				JS020000000000000000008 /* ContentView.swift */,
				JS020000000000000000009 /* FocusTabView.swift */,
				JS02000000000000000000A /* PipelineTabView.swift */,
				JS02000000000000000000B /* ApplicationEditorSheet.swift */,
				JS02000000000000000000C /* ContactsTabView.swift */,
				JS02000000000000000000D /* ContactEditorSheet.swift */,
				JS02000000000000000000E /* MoreTabView.swift */,
				JS020000000000000000010 /* Assets.xcassets */,
			);
			path = JobSearchHQ;
			sourceTree = "<group>";
		};
		JS040000000000000000003 /* Products */ = {
			isa = PBXGroup;
			children = (
				JS020000000000000000011 /* JobSearchHQ.app */,
				JS020000000000000000012 /* JobSearchHQTests.xctest */,
			);
			name = Products;
			sourceTree = "<group>";
		};
		JS04000000000000000000B /* JobSearchHQTests */ = {
			isa = PBXGroup;
			children = (
				JS02000000000000000000F /* JobSearchBlobTests.swift */,
			);
			path = JobSearchHQTests;
			sourceTree = "<group>";
		};
/* End PBXGroup section */

/* Begin PBXNativeTarget section */
		JS050000000000000000001 /* JobSearchHQ */ = {
			isa = PBXNativeTarget;
			buildConfigurationList = JS0E0000000000000000002 /* Build configuration list for PBXNativeTarget "JobSearchHQ" */;
			buildPhases = (
				JS0B0000000000000000001 /* Sources */,
				JS030000000000000000001 /* Frameworks */,
				JS0C0000000000000000001 /* Resources */,
			);
			buildRules = (
			);
			dependencies = (
			);
			name = JobSearchHQ;
			packageProductDependencies = (
				JS0A0000000000000000001 /* ClarityUI */,
			);
			productName = JobSearchHQ;
			productReference = JS020000000000000000011 /* JobSearchHQ.app */;
			productType = "com.apple.product-type.application";
		};
		JS050000000000000000002 /* JobSearchHQTests */ = {
			isa = PBXNativeTarget;
			buildConfigurationList = JS0E0000000000000000003 /* Build configuration list for PBXNativeTarget "JobSearchHQTests" */;
			buildPhases = (
				JS0B0000000000000000002 /* Sources */,
				JS030000000000000000002 /* Frameworks */,
				JS0C0000000000000000002 /* Resources */,
			);
			buildRules = (
			);
			dependencies = (
				JS0D0000000000000000001 /* PBXTargetDependency */,
			);
			name = JobSearchHQTests;
			productName = JobSearchHQTests;
			productReference = JS020000000000000000012 /* JobSearchHQTests.xctest */;
			productType = "com.apple.product-type.bundle.unit-test";
		};
/* End PBXNativeTarget section */

/* Begin PBXProject section */
		JS060000000000000000001 /* Project object */ = {
			isa = PBXProject;
			attributes = {
				BuildIndependentTargetsInParallel = 1;
				LastSwiftUpdateCheck = 1500;
				LastUpgradeCheck = 1500;
				TargetAttributes = {
					JS050000000000000000001 = {
						CreatedOnToolsVersion = 15.0;
					};
					JS050000000000000000002 = {
						CreatedOnToolsVersion = 15.0;
						TestTargetID = JS050000000000000000001;
					};
				};
			};
			buildConfigurationList = JS0E0000000000000000001 /* Build configuration list for PBXProject "JobSearchHQ" */;
			compatibilityVersion = "Xcode 14.0";
			developmentRegion = en;
			hasScannedForEncodings = 0;
			knownRegions = (
				en,
				Base,
			);
			mainGroup = JS040000000000000000001;
			packageReferences = (
				JS090000000000000000001 /* XCLocalSwiftPackageReference "../clarity-ui" */,
			);
			productRefGroup = JS040000000000000000003 /* Products */;
			projectDirPath = "";
			projectRoot = "";
			targets = (
				JS050000000000000000001 /* JobSearchHQ */,
				JS050000000000000000002 /* JobSearchHQTests */,
			);
		};
/* End PBXProject section */

/* Begin PBXResourcesBuildPhase section */
		JS0C0000000000000000001 /* Resources */ = {
			isa = PBXResourcesBuildPhase;
			buildActionMask = 2147483647;
			files = (
				JS010000000000000000010 /* Assets.xcassets in Resources */,
			);
			runOnlyForDeploymentPostprocessing = 0;
		};
		JS0C0000000000000000002 /* Resources */ = {
			isa = PBXResourcesBuildPhase;
			buildActionMask = 2147483647;
			files = (
			);
			runOnlyForDeploymentPostprocessing = 0;
		};
/* End PBXResourcesBuildPhase section */

/* Begin PBXSourcesBuildPhase section */
		JS0B0000000000000000001 /* Sources */ = {
			isa = PBXSourcesBuildPhase;
			buildActionMask = 2147483647;
			files = (
				JS010000000000000000001 /* JobSearchHQApp.swift in Sources */,
				JS010000000000000000002 /* JobSearchBlob.swift in Sources */,
				JS010000000000000000003 /* DailyFocusBlocks.swift in Sources */,
				JS010000000000000000004 /* JobSearchConfig.swift in Sources */,
				JS010000000000000000005 /* JobSearchStore.swift in Sources */,
				JS010000000000000000006 /* RemoteSync.swift in Sources */,
				JS010000000000000000007 /* JSHQTheme.swift in Sources */,
				JS010000000000000000008 /* ContentView.swift in Sources */,
				JS010000000000000000009 /* FocusTabView.swift in Sources */,
				JS01000000000000000000A /* PipelineTabView.swift in Sources */,
				JS01000000000000000000B /* ApplicationEditorSheet.swift in Sources */,
				JS01000000000000000000C /* ContactsTabView.swift in Sources */,
				JS01000000000000000000D /* ContactEditorSheet.swift in Sources */,
				JS01000000000000000000E /* MoreTabView.swift in Sources */,
			);
			runOnlyForDeploymentPostprocessing = 0;
		};
		JS0B0000000000000000002 /* Sources */ = {
			isa = PBXSourcesBuildPhase;
			buildActionMask = 2147483647;
			files = (
				JS01000000000000000000F /* JobSearchBlobTests.swift in Sources */,
			);
			runOnlyForDeploymentPostprocessing = 0;
		};
/* End PBXSourcesBuildPhase section */

/* Begin PBXTargetDependency section */
		JS0D0000000000000000001 /* PBXTargetDependency */ = {
			isa = PBXTargetDependency;
			target = JS050000000000000000001 /* JobSearchHQ */;
			targetProxy = JS080000000000000000001 /* PBXContainerItemProxy */;
		};
/* End PBXTargetDependency section */

/* Begin XCBuildConfiguration section */
		JS070000000000000000001 /* Debug */ = {
			isa = XCBuildConfiguration;
			buildSettings = {
				ALWAYS_SEARCH_USER_PATHS = NO;
				ASSETCATALOG_COMPILER_GENERATE_SWIFT_ASSET_SYMBOL_EXTENSIONS = YES;
				CLANG_ANALYZER_NONNULL = YES;
				CLANG_ANALYZER_NUMBER_OBJECT_CONVERSION = YES_AGGRESSIVE;
				CLANG_CXX_LANGUAGE_STANDARD = "gnu++20";
				CLANG_ENABLE_MODULES = YES;
				CLANG_ENABLE_OBJC_ARC = YES;
				CLANG_ENABLE_OBJC_WEAK = YES;
				CLANG_WARN_BLOCK_CAPTURE_AUTORELEASING = YES;
				CLANG_WARN_BOOL_CONVERSION = YES;
				CLANG_WARN_COMMA = YES;
				CLANG_WARN_CONSTANT_CONVERSION = YES;
				CLANG_WARN_DEPRECATED_OBJC_IMPLEMENTATIONS = YES;
				CLANG_WARN_DIRECT_OBJC_ISA_USAGE = YES_ERROR;
				CLANG_WARN_DOCUMENTATION_COMMENTS = YES;
				CLANG_WARN_EMPTY_BODY = YES;
				CLANG_WARN_ENUM_CONVERSION = YES;
				CLANG_WARN_INFINITE_RECURSION = YES;
				CLANG_WARN_INT_CONVERSION = YES;
				CLANG_WARN_NON_LITERAL_NULL_CONVERSION = YES;
				CLANG_WARN_OBJC_IMPLICIT_RETAIN_SELF = YES;
				CLANG_WARN_OBJC_LITERAL_CONVERSION = YES;
				CLANG_WARN_OBJC_ROOT_CLASS = YES_ERROR;
				CLANG_WARN_QUOTED_INCLUDE_IN_FRAMEWORK_HEADER = YES;
				CLANG_WARN_RANGE_LOOP_ANALYSIS = YES;
				CLANG_WARN_STRICT_PROTOTYPES = YES;
				CLANG_WARN_SUSPICIOUS_MOVE = YES;
				CLANG_WARN_UNGUARDED_AVAILABILITY = YES_AGGRESSIVE;
				CLANG_WARN_UNREACHABLE_CODE = YES;
				CLANG_WARN__DUPLICATE_METHOD_MATCH = YES;
				COPY_PHASE_STRIP = NO;
				DEBUG_INFORMATION_FORMAT = dwarf;
				ENABLE_STRICT_OBJC_MSGSEND = YES;
				ENABLE_TESTABILITY = YES;
				ENABLE_USER_SCRIPT_SANDBOXING = YES;
				GCC_C_LANGUAGE_STANDARD = gnu17;
				GCC_DYNAMIC_NO_PIC = NO;
				GCC_NO_COMMON_BLOCKS = YES;
				GCC_OPTIMIZATION_LEVEL = 0;
				GCC_PREPROCESSOR_DEFINITIONS = (
					"DEBUG=1",
					"$(inherited)",
				);
				GCC_WARN_64_TO_32_BIT_CONVERSION = YES;
				GCC_WARN_ABOUT_RETURN_TYPE = YES_ERROR;
				GCC_WARN_UNDECLARED_SELECTOR = YES;
				GCC_WARN_UNINITIALIZED_AUTOS = YES_AGGRESSIVE;
				GCC_WARN_UNUSED_FUNCTION = YES;
				GCC_WARN_UNUSED_VARIABLE = YES;
				IPHONEOS_DEPLOYMENT_TARGET = 17.0;
				LOCALIZATION_PREFERS_STRING_CATALOGS = YES;
				MTL_ENABLE_DEBUG_INFO = INCLUDE_SOURCE;
				MTL_FAST_MATH = YES;
				ONLY_ACTIVE_ARCH = YES;
				SDKROOT = iphoneos;
				SWIFT_ACTIVE_COMPILATION_CONDITIONS = "DEBUG $(inherited)";
				SWIFT_OPTIMIZATION_LEVEL = "-Onone";
			};
			name = Debug;
		};
		JS070000000000000000002 /* Release */ = {
			isa = XCBuildConfiguration;
			buildSettings = {
				ALWAYS_SEARCH_USER_PATHS = NO;
				ASSETCATALOG_COMPILER_GENERATE_SWIFT_ASSET_SYMBOL_EXTENSIONS = YES;
				CLANG_ANALYZER_NONNULL = YES;
				CLANG_ANALYZER_NUMBER_OBJECT_CONVERSION = YES_AGGRESSIVE;
				CLANG_CXX_LANGUAGE_STANDARD = "gnu++20";
				CLANG_ENABLE_MODULES = YES;
				CLANG_ENABLE_OBJC_ARC = YES;
				CLANG_ENABLE_OBJC_WEAK = YES;
				CLANG_WARN_BLOCK_CAPTURE_AUTORELEASING = YES;
				CLANG_WARN_BOOL_CONVERSION = YES;
				CLANG_WARN_COMMA = YES;
				CLANG_WARN_CONSTANT_CONVERSION = YES;
				CLANG_WARN_DEPRECATED_OBJC_IMPLEMENTATIONS = YES;
				CLANG_WARN_DIRECT_OBJC_ISA_USAGE = YES_ERROR;
				CLANG_WARN_DOCUMENTATION_COMMENTS = YES;
				CLANG_WARN_EMPTY_BODY = YES;
				CLANG_WARN_ENUM_CONVERSION = YES;
				CLANG_WARN_INFINITE_RECURSION = YES;
				CLANG_WARN_INT_CONVERSION = YES;
				CLANG_WARN_NON_LITERAL_NULL_CONVERSION = YES;
				CLANG_WARN_OBJC_IMPLICIT_RETAIN_SELF = YES;
				CLANG_WARN_OBJC_LITERAL_CONVERSION = YES;
				CLANG_WARN_OBJC_ROOT_CLASS = YES_ERROR;
				CLANG_WARN_QUOTED_INCLUDE_IN_FRAMEWORK_HEADER = YES;
				CLANG_WARN_RANGE_LOOP_ANALYSIS = YES;
				CLANG_WARN_STRICT_PROTOTYPES = YES;
				CLANG_WARN_SUSPICIOUS_MOVE = YES;
				CLANG_WARN_UNGUARDED_AVAILABILITY = YES_AGGRESSIVE;
				CLANG_WARN_UNREACHABLE_CODE = YES;
				CLANG_WARN__DUPLICATE_METHOD_MATCH = YES;
				COPY_PHASE_STRIP = NO;
				DEBUG_INFORMATION_FORMAT = "dwarf-with-dsym";
				ENABLE_NS_ASSERTIONS = NO;
				ENABLE_STRICT_OBJC_MSGSEND = YES;
				ENABLE_USER_SCRIPT_SANDBOXING = YES;
				GCC_C_LANGUAGE_STANDARD = gnu17;
				GCC_NO_COMMON_BLOCKS = YES;
				GCC_WARN_64_TO_32_BIT_CONVERSION = YES;
				GCC_WARN_ABOUT_RETURN_TYPE = YES_ERROR;
				GCC_WARN_UNDECLARED_SELECTOR = YES;
				GCC_WARN_UNINITIALIZED_AUTOS = YES_AGGRESSIVE;
				GCC_WARN_UNUSED_FUNCTION = YES;
				GCC_WARN_UNUSED_VARIABLE = YES;
				IPHONEOS_DEPLOYMENT_TARGET = 17.0;
				LOCALIZATION_PREFERS_STRING_CATALOGS = YES;
				MTL_ENABLE_DEBUG_INFO = NO;
				MTL_FAST_MATH = YES;
				SDKROOT = iphoneos;
				SWIFT_COMPILATION_MODE = wholemodule;
				VALIDATE_PRODUCT = YES;
			};
			name = Release;
		};
		JS070000000000000000003 /* Debug */ = {
			isa = XCBuildConfiguration;
			buildSettings = {
				ASSETCATALOG_COMPILER_APPICON_NAME = AppIcon;
				ASSETCATALOG_COMPILER_GLOBAL_ACCENT_COLOR_NAME = AccentColor;
				CODE_SIGN_STYLE = Automatic;
				CURRENT_PROJECT_VERSION = 1;
				DEVELOPMENT_TEAM = 9XVT527KP3;
				ENABLE_PREVIEWS = YES;
				GENERATE_INFOPLIST_FILE = YES;
				INFOPLIST_KEY_CFBundleDisplayName = "Job Search HQ";
				INFOPLIST_KEY_UIApplicationSceneManifest_Generation = YES;
				INFOPLIST_KEY_UIApplicationSupportsIndirectInputEvents = YES;
				INFOPLIST_KEY_UILaunchScreen_Generation = YES;
				INFOPLIST_KEY_UISupportedInterfaceOrientations = UIInterfaceOrientationPortrait;
				LD_RUNPATH_SEARCH_PATHS = (
					"$(inherited)",
					"@executable_path/Frameworks",
				);
				MARKETING_VERSION = 0.1;
				PRODUCT_BUNDLE_IDENTIFIER = com.chasewhittaker.JobSearchHQ;
				PRODUCT_NAME = "$(TARGET_NAME)";
				SUPPORTED_PLATFORMS = "iphoneos iphonesimulator";
				SUPPORTS_MACCATALYST = NO;
				SWIFT_EMIT_LOC_STRINGS = YES;
				SWIFT_VERSION = 5.0;
				TARGETED_DEVICE_FAMILY = 1;
			};
			name = Debug;
		};
		JS070000000000000000004 /* Release */ = {
			isa = XCBuildConfiguration;
			buildSettings = {
				ASSETCATALOG_COMPILER_APPICON_NAME = AppIcon;
				ASSETCATALOG_COMPILER_GLOBAL_ACCENT_COLOR_NAME = AccentColor;
				CODE_SIGN_STYLE = Automatic;
				CURRENT_PROJECT_VERSION = 1;
				DEVELOPMENT_TEAM = 9XVT527KP3;
				ENABLE_PREVIEWS = YES;
				GENERATE_INFOPLIST_FILE = YES;
				INFOPLIST_KEY_CFBundleDisplayName = "Job Search HQ";
				INFOPLIST_KEY_UIApplicationSceneManifest_Generation = YES;
				INFOPLIST_KEY_UIApplicationSupportsIndirectInputEvents = YES;
				INFOPLIST_KEY_UILaunchScreen_Generation = YES;
				INFOPLIST_KEY_UISupportedInterfaceOrientations = UIInterfaceOrientationPortrait;
				LD_RUNPATH_SEARCH_PATHS = (
					"$(inherited)",
					"@executable_path/Frameworks",
				);
				MARKETING_VERSION = 0.1;
				PRODUCT_BUNDLE_IDENTIFIER = com.chasewhittaker.JobSearchHQ;
				PRODUCT_NAME = "$(TARGET_NAME)";
				SUPPORTED_PLATFORMS = "iphoneos iphonesimulator";
				SUPPORTS_MACCATALYST = NO;
				SWIFT_EMIT_LOC_STRINGS = YES;
				SWIFT_VERSION = 5.0;
				TARGETED_DEVICE_FAMILY = 1;
			};
			name = Release;
		};
		JS070000000000000000005 /* Debug */ = {
			isa = XCBuildConfiguration;
			buildSettings = {
				BUNDLE_LOADER = "$(TEST_HOST)";
				CODE_SIGN_STYLE = Automatic;
				CURRENT_PROJECT_VERSION = 1;
				DEVELOPMENT_TEAM = 9XVT527KP3;
				GENERATE_INFOPLIST_FILE = YES;
				IPHONEOS_DEPLOYMENT_TARGET = 17.0;
				MARKETING_VERSION = 0.1;
				PRODUCT_BUNDLE_IDENTIFIER = com.chasewhittaker.JobSearchHQTests;
				PRODUCT_NAME = "$(TARGET_NAME)";
				SWIFT_EMIT_LOC_STRINGS = NO;
				SWIFT_VERSION = 5.0;
				TARGETED_DEVICE_FAMILY = 1;
				TEST_HOST = "$(BUILT_PRODUCTS_DIR)/JobSearchHQ.app/JobSearchHQ";
			};
			name = Debug;
		};
		JS070000000000000000006 /* Release */ = {
			isa = XCBuildConfiguration;
			buildSettings = {
				BUNDLE_LOADER = "$(TEST_HOST)";
				CODE_SIGN_STYLE = Automatic;
				CURRENT_PROJECT_VERSION = 1;
				DEVELOPMENT_TEAM = 9XVT527KP3;
				GENERATE_INFOPLIST_FILE = YES;
				IPHONEOS_DEPLOYMENT_TARGET = 17.0;
				MARKETING_VERSION = 0.1;
				PRODUCT_BUNDLE_IDENTIFIER = com.chasewhittaker.JobSearchHQTests;
				PRODUCT_NAME = "$(TARGET_NAME)";
				SWIFT_EMIT_LOC_STRINGS = NO;
				SWIFT_VERSION = 5.0;
				TARGETED_DEVICE_FAMILY = 1;
				TEST_HOST = "$(BUILT_PRODUCTS_DIR)/JobSearchHQ.app/JobSearchHQ";
			};
			name = Release;
		};
/* End XCBuildConfiguration section */

/* Begin XCConfigurationList section */
		JS0E0000000000000000001 /* Build configuration list for PBXProject "JobSearchHQ" */ = {
			isa = XCConfigurationList;
			buildConfigurations = (
				JS070000000000000000001 /* Debug */,
				JS070000000000000000002 /* Release */,
			);
			defaultConfigurationIsVisible = 0;
			defaultConfigurationName = Release;
		};
		JS0E0000000000000000002 /* Build configuration list for PBXNativeTarget "JobSearchHQ" */ = {
			isa = XCConfigurationList;
			buildConfigurations = (
				JS070000000000000000003 /* Debug */,
				JS070000000000000000004 /* Release */,
			);
			defaultConfigurationIsVisible = 0;
			defaultConfigurationName = Release;
		};
		JS0E0000000000000000003 /* Build configuration list for PBXNativeTarget "JobSearchHQTests" */ = {
			isa = XCConfigurationList;
			buildConfigurations = (
				JS070000000000000000005 /* Debug */,
				JS070000000000000000006 /* Release */,
			);
			defaultConfigurationIsVisible = 0;
			defaultConfigurationName = Release;
		};
/* End XCConfigurationList section */

/* Begin XCLocalSwiftPackageReference section */
		JS090000000000000000001 /* XCLocalSwiftPackageReference "../clarity-ui" */ = {
			isa = XCLocalSwiftPackageReference;
			relativePath = "../clarity-ui";
		};
/* End XCLocalSwiftPackageReference section */

/* Begin XCSwiftPackageProductDependency section */
		JS0A0000000000000000001 /* ClarityUI */ = {
			isa = XCSwiftPackageProductDependency;
			package = JS090000000000000000001 /* XCLocalSwiftPackageReference "../clarity-ui" */;
			productName = ClarityUI;
		};
/* End XCSwiftPackageProductDependency section */

	};
	rootObject = JS060000000000000000001 /* Project object */;
}
