// !$*UTF8*$!
{
	archiveVersion = 1;
	classes = {
	};
	objectVersion = 56;
	objects = {

/* Begin PBXBuildFile section */
		B30101000000000000000001 /* ParkChecklistApp.swift in Sources */ = {isa = PBXBuildFile; fileRef = B30201000000000000000001 /* ParkChecklistApp.swift */; };
		B30101000000000000000002 /* ContentView.swift in Sources */ = {isa = PBXBuildFile; fileRef = B30201000000000000000002 /* ContentView.swift */; };
		B30101000000000000000003 /* ChecklistView.swift in Sources */ = {isa = PBXBuildFile; fileRef = B30201000000000000000003 /* ChecklistView.swift */; };
		B30101000000000000000004 /* TemplatesView.swift in Sources */ = {isa = PBXBuildFile; fileRef = B30201000000000000000004 /* TemplatesView.swift */; };
		B30101000000000000000005 /* SettingsView.swift in Sources */ = {isa = PBXBuildFile; fileRef = B30201000000000000000005 /* SettingsView.swift */; };
		B30101000000000000000006 /* ChecklistTaskItem.swift in Sources */ = {isa = PBXBuildFile; fileRef = B30201000000000000000006 /* ChecklistTaskItem.swift */; };
		B30101000000000000000007 /* ParkTheme.swift in Sources */ = {isa = PBXBuildFile; fileRef = B30201000000000000000007 /* ParkTheme.swift */; };
		B30101000000000000000008 /* TemplateLibrary.swift in Sources */ = {isa = PBXBuildFile; fileRef = B30201000000000000000008 /* TemplateLibrary.swift */; };
		B30101000000000000000009 /* GameFlavor.swift in Sources */ = {isa = PBXBuildFile; fileRef = B30201000000000000000009 /* GameFlavor.swift */; };
		B3010100000000000000000A /* BackupSupport.swift in Sources */ = {isa = PBXBuildFile; fileRef = B3020100000000000000000A /* BackupSupport.swift */; };
		B3010100000000000000000B /* Assets.xcassets in Resources */ = {isa = PBXBuildFile; fileRef = B3020100000000000000000B /* Assets.xcassets */; };
/* End PBXBuildFile section */

/* Begin PBXFileReference section */
		B30201000000000000000001 /* ParkChecklistApp.swift */ = {isa = PBXFileReference; lastKnownFileType = sourcecode.swift; path = ParkChecklistApp.swift; sourceTree = "<group>"; };
		B30201000000000000000002 /* ContentView.swift */ = {isa = PBXFileReference; lastKnownFileType = sourcecode.swift; path = ContentView.swift; sourceTree = "<group>"; };
		B30201000000000000000003 /* ChecklistView.swift */ = {isa = PBXFileReference; lastKnownFileType = sourcecode.swift; path = ChecklistView.swift; sourceTree = "<group>"; };
		B30201000000000000000004 /* TemplatesView.swift */ = {isa = PBXFileReference; lastKnownFileType = sourcecode.swift; path = TemplatesView.swift; sourceTree = "<group>"; };
		B30201000000000000000005 /* SettingsView.swift */ = {isa = PBXFileReference; lastKnownFileType = sourcecode.swift; path = SettingsView.swift; sourceTree = "<group>"; };
		B30201000000000000000006 /* ChecklistTaskItem.swift */ = {isa = PBXFileReference; lastKnownFileType = sourcecode.swift; path = ChecklistTaskItem.swift; sourceTree = "<group>"; };
		B30201000000000000000007 /* ParkTheme.swift */ = {isa = PBXFileReference; lastKnownFileType = sourcecode.swift; path = ParkTheme.swift; sourceTree = "<group>"; };
		B30201000000000000000008 /* TemplateLibrary.swift */ = {isa = PBXFileReference; lastKnownFileType = sourcecode.swift; path = TemplateLibrary.swift; sourceTree = "<group>"; };
		B30201000000000000000009 /* GameFlavor.swift */ = {isa = PBXFileReference; lastKnownFileType = sourcecode.swift; path = GameFlavor.swift; sourceTree = "<group>"; };
		B3020100000000000000000A /* BackupSupport.swift */ = {isa = PBXFileReference; lastKnownFileType = sourcecode.swift; path = BackupSupport.swift; sourceTree = "<group>"; };
		B3020100000000000000000B /* Assets.xcassets */ = {isa = PBXFileReference; lastKnownFileType = folder.assetcatalog; path = Assets.xcassets; sourceTree = "<group>"; };
		B3020100000000000000000C /* ParkChecklist.app */ = {isa = PBXFileReference; explicitFileType = wrapper.application; includeInIndex = 0; path = ParkChecklist.app; sourceTree = BUILT_PRODUCTS_DIR; };
/* End PBXFileReference section */

/* Begin PBXFrameworksBuildPhase section */
		B30301000000000000000001 /* Frameworks */ = {
			isa = PBXFrameworksBuildPhase;
			buildActionMask = 2147483647;
			files = (
			);
			runOnlyForDeploymentPostprocessing = 0;
		};
/* End PBXFrameworksBuildPhase section */

/* Begin PBXGroup section */
		B30401000000000000000001 = {
			isa = PBXGroup;
			children = (
				B30401000000000000000002 /* ParkChecklist */,
				B30401000000000000000003 /* Products */,
			);
			sourceTree = "<group>";
		};
		B30401000000000000000002 /* ParkChecklist */ = {
			isa = PBXGroup;
			children = (
				B30201000000000000000001 /* ParkChecklistApp.swift */,
				B30201000000000000000002 /* ContentView.swift */,
				B30401000000000000000004 /* Models */,
				B30401000000000000000005 /* Views */,
				B30401000000000000000006 /* Theme */,
				B30401000000000000000007 /* Data */,
				B3020100000000000000000B /* Assets.xcassets */,
			);
			path = ParkChecklist;
			sourceTree = "<group>";
		};
		B30401000000000000000003 /* Products */ = {
			isa = PBXGroup;
			children = (
				B3020100000000000000000C /* ParkChecklist.app */,
			);
			name = Products;
			sourceTree = "<group>";
		};
		B30401000000000000000004 /* Models */ = {
			isa = PBXGroup;
			children = (
				B30201000000000000000006 /* ChecklistTaskItem.swift */,
			);
			path = Models;
			sourceTree = "<group>";
		};
		B30401000000000000000005 /* Views */ = {
			isa = PBXGroup;
			children = (
				B30201000000000000000003 /* ChecklistView.swift */,
				B30201000000000000000004 /* TemplatesView.swift */,
				B30201000000000000000005 /* SettingsView.swift */,
			);
			path = Views;
			sourceTree = "<group>";
		};
		B30401000000000000000006 /* Theme */ = {
			isa = PBXGroup;
			children = (
				B30201000000000000000007 /* ParkTheme.swift */,
			);
			path = Theme;
			sourceTree = "<group>";
		};
		B30401000000000000000007 /* Data */ = {
			isa = PBXGroup;
			children = (
				B30201000000000000000008 /* TemplateLibrary.swift */,
				B30201000000000000000009 /* GameFlavor.swift */,
				B3020100000000000000000A /* BackupSupport.swift */,
			);
			path = Data;
			sourceTree = "<group>";
		};
/* End PBXGroup section */

/* Begin PBXNativeTarget section */
		B30501000000000000000001 /* ParkChecklist */ = {
			isa = PBXNativeTarget;
			buildConfigurationList = B30601000000000000000003 /* Build configuration list for PBXNativeTarget "ParkChecklist" */;
			buildPhases = (
				B30501000000000000000002 /* Sources */,
				B30301000000000000000001 /* Frameworks */,
				B30501000000000000000003 /* Resources */,
			);
			buildRules = (
			);
			dependencies = (
			);
			name = ParkChecklist;
			productName = ParkChecklist;
			productReference = B3020100000000000000000C /* ParkChecklist.app */;
			productType = "com.apple.product-type.application";
		};
/* End PBXNativeTarget section */

/* Begin PBXProject section */
		B30601000000000000000001 /* Project object */ = {
			isa = PBXProject;
			attributes = {
				BuildIndependentTargetsInParallel = 1;
				LastSwiftUpdateCheck = 1500;
				LastUpgradeCheck = 1500;
				TargetAttributes = {
					B30501000000000000000001 = {
						CreatedOnToolsVersion = 15.0;
					};
				};
			};
			buildConfigurationList = B30601000000000000000002 /* Build configuration list for PBXProject "ParkChecklist" */;
			compatibilityVersion = "Xcode 14.0";
			developmentRegion = en;
			hasScannedForEncodings = 0;
			knownRegions = (
				en,
				Base,
			);
			mainGroup = B30401000000000000000001;
			productRefGroup = B30401000000000000000003 /* Products */;
			projectDirPath = "";
			projectRoot = "";
			targets = (
				B30501000000000000000001 /* ParkChecklist */,
			);
		};
/* End PBXProject section */

/* Begin PBXResourcesBuildPhase section */
		B30501000000000000000003 /* Resources */ = {
			isa = PBXResourcesBuildPhase;
			buildActionMask = 2147483647;
			files = (
				B3010100000000000000000B /* Assets.xcassets in Resources */,
			);
			runOnlyForDeploymentPostprocessing = 0;
		};
/* End PBXResourcesBuildPhase section */

/* Begin PBXSourcesBuildPhase section */
		B30501000000000000000002 /* Sources */ = {
			isa = PBXSourcesBuildPhase;
			buildActionMask = 2147483647;
			files = (
				B30101000000000000000001 /* ParkChecklistApp.swift in Sources */,
				B30101000000000000000002 /* ContentView.swift in Sources */,
				B30101000000000000000003 /* ChecklistView.swift in Sources */,
				B30101000000000000000004 /* TemplatesView.swift in Sources */,
				B30101000000000000000005 /* SettingsView.swift in Sources */,
				B30101000000000000000006 /* ChecklistTaskItem.swift in Sources */,
				B30101000000000000000007 /* ParkTheme.swift in Sources */,
				B30101000000000000000008 /* TemplateLibrary.swift in Sources */,
				B30101000000000000000009 /* GameFlavor.swift in Sources */,
				B3010100000000000000000A /* BackupSupport.swift in Sources */,
			);
			runOnlyForDeploymentPostprocessing = 0;
		};
/* End PBXSourcesBuildPhase section */

/* Begin XCBuildConfiguration section */
		B30701000000000000000001 /* Debug */ = {
			isa = XCBuildConfiguration;
			buildSettings = {
				ALWAYS_SEARCH_USER_PATHS = NO;
				ASSETCATALOG_COMPILER_GENERATE_SWIFT_ASSET_SYMBOL_EXTENSIONS = YES;
				CLANG_ANALYZER_NONNULL = YES;
				CLANG_ANALYZER_NUMBER_OBJECT_CONVERSION = YES_AGGRESSIVE;
				CLANG_CXX_LANGUAGE_STANDARD = "gnu++20";
				CLANG_ENABLE_MODULES = YES;
				CLANG_ENABLE_OBJC_ARC = YES;
				CLANG_ENABLE_OBJC_WEAK = YES;
				CLANG_WARN_BLOCK_CAPTURE_AUTORELEASING = YES;
				CLANG_WARN_BOOL_CONVERSION = YES;
				CLANG_WARN_COMMA = YES;
				CLANG_WARN_CONSTANT_CONVERSION = YES;
				CLANG_WARN_DEPRECATED_OBJC_IMPLEMENTATIONS = YES;
				CLANG_WARN_DIRECT_OBJC_ISA_USAGE = YES_ERROR;
				CLANG_WARN_DOCUMENTATION_COMMENTS = YES;
				CLANG_WARN_EMPTY_BODY = YES;
				CLANG_WARN_ENUM_CONVERSION = YES;
				CLANG_WARN_INFINITE_RECURSION = YES;
				CLANG_WARN_INT_CONVERSION = YES;
				CLANG_WARN_NON_LITERAL_NULL_CONVERSION = YES;
				CLANG_WARN_OBJC_IMPLICIT_RETAIN_SELF = YES;
				CLANG_WARN_OBJC_LITERAL_CONVERSION = YES;
				CLANG_WARN_OBJC_ROOT_CLASS = YES_ERROR;
				CLANG_WARN_QUOTED_INCLUDE_IN_FRAMEWORK_HEADER = YES;
				CLANG_WARN_RANGE_LOOP_ANALYSIS = YES;
				CLANG_WARN_STRICT_PROTOTYPES = YES;
				CLANG_WARN_SUSPICIOUS_MOVE = YES;
				CLANG_WARN_UNGUARDED_AVAILABILITY = YES_AGGRESSIVE;
				CLANG_WARN_UNREACHABLE_CODE = YES;
				CLANG_WARN__DUPLICATE_METHOD_MATCH = YES;
				COPY_PHASE_STRIP = NO;
				DEBUG_INFORMATION_FORMAT = dwarf;
				ENABLE_STRICT_OBJC_MSGSEND = YES;
				ENABLE_TESTABILITY = YES;
				ENABLE_USER_SCRIPT_SANDBOXING = YES;
				GCC_C_LANGUAGE_STANDARD = gnu17;
				GCC_DYNAMIC_NO_PIC = NO;
				GCC_NO_COMMON_BLOCKS = YES;
				GCC_OPTIMIZATION_LEVEL = 0;
				GCC_PREPROCESSOR_DEFINITIONS = (
					"DEBUG=1",
					"$(inherited)",
				);
				GCC_WARN_64_TO_32_BIT_CONVERSION = YES;
				GCC_WARN_ABOUT_RETURN_TYPE = YES_ERROR;
				GCC_WARN_UNDECLARED_SELECTOR = YES;
				GCC_WARN_UNINITIALIZED_AUTOS = YES_AGGRESSIVE;
				GCC_WARN_UNUSED_FUNCTION = YES;
				GCC_WARN_UNUSED_VARIABLE = YES;
				IPHONEOS_DEPLOYMENT_TARGET = 17.0;
				LOCALIZATION_PREFERS_STRING_CATALOGS = YES;
				MTL_ENABLE_DEBUG_INFO = INCLUDE_SOURCE;
				MTL_FAST_MATH = YES;
				ONLY_ACTIVE_ARCH = YES;
				SDKROOT = iphoneos;
				SWIFT_ACTIVE_COMPILATION_CONDITIONS = "DEBUG $(inherited)";
				SWIFT_OPTIMIZATION_LEVEL = "-Onone";
			};
			name = Debug;
		};
		B30701000000000000000002 /* Release */ = {
			isa = XCBuildConfiguration;
			buildSettings = {
				ALWAYS_SEARCH_USER_PATHS = NO;
				ASSETCATALOG_COMPILER_GENERATE_SWIFT_ASSET_SYMBOL_EXTENSIONS = YES;
				CLANG_ANALYZER_NONNULL = YES;
				CLANG_ANALYZER_NUMBER_OBJECT_CONVERSION = YES_AGGRESSIVE;
				CLANG_CXX_LANGUAGE_STANDARD = "gnu++20";
				CLANG_ENABLE_MODULES = YES;
				CLANG_ENABLE_OBJC_ARC = YES;
				CLANG_ENABLE_OBJC_WEAK = YES;
				CLANG_WARN_BLOCK_CAPTURE_AUTORELEASING = YES;
				CLANG_WARN_BOOL_CONVERSION = YES;
				CLANG_WARN_COMMA = YES;
				CLANG_WARN_CONSTANT_CONVERSION = YES;
				CLANG_WARN_DEPRECATED_OBJC_IMPLEMENTATIONS = YES;
				CLANG_WARN_DIRECT_OBJC_ISA_USAGE = YES_ERROR;
				CLANG_WARN_DOCUMENTATION_COMMENTS = YES;
				CLANG_WARN_EMPTY_BODY = YES;
				CLANG_WARN_ENUM_CONVERSION = YES;
				CLANG_WARN_INFINITE_RECURSION = YES;
				CLANG_WARN_INT_CONVERSION = YES;
				CLANG_WARN_NON_LITERAL_NULL_CONVERSION = YES;
				CLANG_WARN_OBJC_IMPLICIT_RETAIN_SELF = YES;
				CLANG_WARN_OBJC_LITERAL_CONVERSION = YES;
				CLANG_WARN_OBJC_ROOT_CLASS = YES_ERROR;
				CLANG_WARN_QUOTED_INCLUDE_IN_FRAMEWORK_HEADER = YES;
				CLANG_WARN_RANGE_LOOP_ANALYSIS = YES;
				CLANG_WARN_STRICT_PROTOTYPES = YES;
				CLANG_WARN_SUSPICIOUS_MOVE = YES;
				CLANG_WARN_UNGUARDED_AVAILABILITY = YES_AGGRESSIVE;
				CLANG_WARN_UNREACHABLE_CODE = YES;
				CLANG_WARN__DUPLICATE_METHOD_MATCH = YES;
				COPY_PHASE_STRIP = NO;
				DEBUG_INFORMATION_FORMAT = "dwarf-with-dsym";
				ENABLE_NS_ASSERTIONS = NO;
				ENABLE_STRICT_OBJC_MSGSEND = YES;
				ENABLE_USER_SCRIPT_SANDBOXING = YES;
				GCC_C_LANGUAGE_STANDARD = gnu17;
				GCC_NO_COMMON_BLOCKS = YES;
				GCC_WARN_64_TO_32_BIT_CONVERSION = YES;
				GCC_WARN_ABOUT_RETURN_TYPE = YES_ERROR;
				GCC_WARN_UNDECLARED_SELECTOR = YES;
				GCC_WARN_UNINITIALIZED_AUTOS = YES_AGGRESSIVE;
				GCC_WARN_UNUSED_FUNCTION = YES;
				GCC_WARN_UNUSED_VARIABLE = YES;
				IPHONEOS_DEPLOYMENT_TARGET = 17.0;
				LOCALIZATION_PREFERS_STRING_CATALOGS = YES;
				MTL_ENABLE_DEBUG_INFO = NO;
				MTL_FAST_MATH = YES;
				SDKROOT = iphoneos;
				SWIFT_COMPILATION_MODE = wholemodule;
				VALIDATE_PRODUCT = YES;
			};
			name = Release;
		};
		B30701000000000000000004 /* Debug */ = {
			isa = XCBuildConfiguration;
			buildSettings = {
				ASSETCATALOG_COMPILER_APPICON_NAME = AppIcon;
				ASSETCATALOG_COMPILER_GLOBAL_ACCENT_COLOR_NAME = AccentColor;
				CODE_SIGN_STYLE = Automatic;
				CURRENT_PROJECT_VERSION = 1;
				DEVELOPMENT_TEAM = "";
				ENABLE_PREVIEWS = YES;
				GENERATE_INFOPLIST_FILE = YES;
				INFOPLIST_KEY_CFBundleDisplayName = "Park Checklist";
				INFOPLIST_KEY_UIApplicationSceneManifest_Generation = YES;
				INFOPLIST_KEY_UIApplicationSupportsIndirectInputEvents = YES;
				INFOPLIST_KEY_UILaunchScreen_Generation = YES;
				INFOPLIST_KEY_UISupportedInterfaceOrientations = UIInterfaceOrientationPortrait;
				INFOPLIST_KEY_UISupportedInterfaceOrientations_iPad = "UIInterfaceOrientationLandscapeLeft UIInterfaceOrientationLandscapeRight UIInterfaceOrientationPortrait UIInterfaceOrientationPortraitUpsideDown";
				LD_RUNPATH_SEARCH_PATHS = (
					"$(inherited)",
					"@executable_path/Frameworks",
				);
				MARKETING_VERSION = 1.0;
				PRODUCT_BUNDLE_IDENTIFIER = com.chasewhittaker.ParkChecklist;
				PRODUCT_NAME = "$(TARGET_NAME)";
				SUPPORTED_PLATFORMS = "iphoneos iphonesimulator";
				SUPPORTS_MACCATALYST = NO;
				SWIFT_EMIT_LOC_STRINGS = YES;
				SWIFT_VERSION = 5.0;
				TARGETED_DEVICE_FAMILY = "1,2";
			};
			name = Debug;
		};
		B30701000000000000000005 /* Release */ = {
			isa = XCBuildConfiguration;
			buildSettings = {
				ASSETCATALOG_COMPILER_APPICON_NAME = AppIcon;
				ASSETCATALOG_COMPILER_GLOBAL_ACCENT_COLOR_NAME = AccentColor;
				CODE_SIGN_STYLE = Automatic;
				CURRENT_PROJECT_VERSION = 1;
				DEVELOPMENT_TEAM = "";
				ENABLE_PREVIEWS = YES;
				GENERATE_INFOPLIST_FILE = YES;
				INFOPLIST_KEY_CFBundleDisplayName = "Park Checklist";
				INFOPLIST_KEY_UIApplicationSceneManifest_Generation = YES;
				INFOPLIST_KEY_UIApplicationSupportsIndirectInputEvents = YES;
				INFOPLIST_KEY_UILaunchScreen_Generation = YES;
				INFOPLIST_KEY_UISupportedInterfaceOrientations = UIInterfaceOrientationPortrait;
				INFOPLIST_KEY_UISupportedInterfaceOrientations_iPad = "UIInterfaceOrientationLandscapeLeft UIInterfaceOrientationLandscapeRight UIInterfaceOrientationPortrait UIInterfaceOrientationPortraitUpsideDown";
				LD_RUNPATH_SEARCH_PATHS = (
					"$(inherited)",
					"@executable_path/Frameworks",
				);
				MARKETING_VERSION = 1.0;
				PRODUCT_BUNDLE_IDENTIFIER = com.chasewhittaker.ParkChecklist;
				PRODUCT_NAME = "$(TARGET_NAME)";
				SUPPORTED_PLATFORMS = "iphoneos iphonesimulator";
				SUPPORTS_MACCATALYST = NO;
				SWIFT_EMIT_LOC_STRINGS = YES;
				SWIFT_VERSION = 5.0;
				TARGETED_DEVICE_FAMILY = "1,2";
			};
			name = Release;
		};
/* End XCBuildConfiguration section */

/* Begin XCConfigurationList section */
		B30601000000000000000002 /* Build configuration list for PBXProject "ParkChecklist" */ = {
			isa = XCConfigurationList;
			buildConfigurations = (
				B30701000000000000000001 /* Debug */,
				B30701000000000000000002 /* Release */,
			);
			defaultConfigurationIsVisible = 0;
			defaultConfigurationName = Release;
		};
		B30601000000000000000003 /* Build configuration list for PBXNativeTarget "ParkChecklist" */ = {
			isa = XCConfigurationList;
			buildConfigurations = (
				B30701000000000000000004 /* Debug */,
				B30701000000000000000005 /* Release */,
			);
			defaultConfigurationIsVisible = 0;
			defaultConfigurationName = Release;
		};
/* End XCConfigurationList section */
	};
	rootObject = B30601000000000000000001 /* Project object */;
}
